
Microsoft Visual Studio Solution File, Format Version 12.00
# Visual Studio Version 16
VisualStudioVersion = 16.0.30225.117
MinimumVisualStudioVersion = 10.0.40219.1
Project("{8BC9CEB8-8B4A-11D0-8D11-00A0C91BC942}") = "MyFirstProj", "MyFirstProj\MyFirstProj.vcxproj", "{36D04819-7B78-4D3D-AD09-4C92F2980489}"
EndProject
Project("{8BC9CEB8-8B4A-11D0-8D11-00A0C91BC942}") = "MySecondProj", "MySecondProj\MySecondProj.vcxproj", "{C87C643C-DA8C-4848-A7BE-488FC5DFE063}"
EndProject
Project("{8BC9CEB8-8B4A-11D0-8D11-00A0C91BC942}") = "UsePrintf", "UsePrintf\UsePrintf.vcxproj", "{D71CD7DF-9AA2-4260-AEFF-0F8DED6631AD}"
EndProject
Project("{8BC9CEB8-8B4A-11D0-8D11-00A0C91BC942}") = "UseKeywords", "UseKeywords\UseKeywords.vcxproj", "{7A754D42-9C6B-431B-ACD3-389CC6753F24}"
EndProject
Project("{8BC9CEB8-8B4A-11D0-8D11-00A0C91BC942}") = "MakeFunc", "MakeFunc\MakeFunc.vcxproj", "{18D412B0-A524-4729-8314-D0281DB1F125}"
EndProject
Project("{8BC9CEB8-8B4A-11D0-8D11-00A0C91BC942}") = "UseScanf", "UseScanf\UseScanf.vcxproj", "{DC3CA487-F283-4E9F-8EA6-099D99077E9E}"
EndProject
Project("{8BC9CEB8-8B4A-11D0-8D11-00A0C91BC942}") = "InputToOutput", "InputToOutput\InputToOutput.vcxproj", "{E069B902-ED4F-4B39-949D-8C590DCB2C48}"
EndProject
Project("{8BC9CEB8-8B4A-11D0-8D11-00A0C91BC942}") = "IntOverflow", "IntOverflow\IntOverflow.vcxproj", "{15F9D2F0-E1DF-496E-9251-5086F73E9E59}"
EndProject
Project("{8BC9CEB8-8B4A-11D0-8D11-00A0C91BC942}") = "TypesOfInt", "TypesOfInt\TypesOfInt.vcxproj", "{E134423A-1135-4C7E-85C7-7F76006C94D4}"
EndProject
Project("{8BC9CEB8-8B4A-11D0-8D11-00A0C91BC942}") = "UseNotation", "UseNotation\UseNotation.vcxproj", "{E827BDC8-9C73-404A-A0C3-0D42F59D14F0}"
EndProject
Project("{8BC9CEB8-8B4A-11D0-8D11-00A0C91BC942}") = "FixedWidthInt", "FixedWidthInt\FixedWidthInt.vcxproj", "{BA70784D-4585-4CED-9D73-46BC0640F78C}"
EndProject
Project("{8BC9CEB8-8B4A-11D0-8D11-00A0C91BC942}") = "UseString", "UseString\UseString.vcxproj", "{403850E2-CFDA-4EC8-B2D6-12C232585F7F}"
EndProject
Project("{8BC9CEB8-8B4A-11D0-8D11-00A0C91BC942}") = "LearnFloatingSysyems", "LearnFloatingSysyems\LearnFloatingSysyems.vcxproj", "{F86F13D6-9DB0-4811-A70E-47F3F0934F5C}"
EndProject
Project("{8BC9CEB8-8B4A-11D0-8D11-00A0C91BC942}") = "IssuesInFloatingSys", "IssuesInFloatingSys\IssuesInFloatingSys.vcxproj", "{F6DFC00B-600A-4402-A58A-B80450912223}"
EndProject
Project("{8BC9CEB8-8B4A-11D0-8D11-00A0C91BC942}") = "LearnBoolean", "LearnBoolean\LearnBoolean.vcxproj", "{21E33733-87D7-4FB6-B188-29F57470CECF}"
EndProject
Project("{8BC9CEB8-8B4A-11D0-8D11-00A0C91BC942}") = "LearnStringType", "LearnStringType\LearnStringType.vcxproj", "{08E20502-9DEC-4AF3-891C-402C37DDC13B}"
EndProject
Project("{8BC9CEB8-8B4A-11D0-8D11-00A0C91BC942}") = "USEsizeof", "USEsizeof\USEsizeof.vcxproj", "{6B1A4439-3A41-49B4-A636-277F836B4F1B}"
EndProject
Project("{8BC9CEB8-8B4A-11D0-8D11-00A0C91BC942}") = "MemoryWithString", "MemoryWithString\MemoryWithString.vcxproj", "{08509620-935B-4887-AC1C-0FF579444232}"
EndProject
Project("{8BC9CEB8-8B4A-11D0-8D11-00A0C91BC942}") = "USEstrlen", "USEstrlen\USEstrlen.vcxproj", "{5CD224E0-BAFF-4190-A103-3E217439C47A}"
EndProject
Global
	GlobalSection(SolutionConfigurationPlatforms) = preSolution
		Debug|x64 = Debug|x64
		Debug|x86 = Debug|x86
		Release|x64 = Release|x64
		Release|x86 = Release|x86
	EndGlobalSection
	GlobalSection(ProjectConfigurationPlatforms) = postSolution
		{36D04819-7B78-4D3D-AD09-4C92F2980489}.Debug|x64.ActiveCfg = Debug|x64
		{36D04819-7B78-4D3D-AD09-4C92F2980489}.Debug|x64.Build.0 = Debug|x64
		{36D04819-7B78-4D3D-AD09-4C92F2980489}.Debug|x86.ActiveCfg = Debug|Win32
		{36D04819-7B78-4D3D-AD09-4C92F2980489}.Debug|x86.Build.0 = Debug|Win32
		{36D04819-7B78-4D3D-AD09-4C92F2980489}.Release|x64.ActiveCfg = Release|x64
		{36D04819-7B78-4D3D-AD09-4C92F2980489}.Release|x64.Build.0 = Release|x64
		{36D04819-7B78-4D3D-AD09-4C92F2980489}.Release|x86.ActiveCfg = Release|Win32
		{36D04819-7B78-4D3D-AD09-4C92F2980489}.Release|x86.Build.0 = Release|Win32
		{C87C643C-DA8C-4848-A7BE-488FC5DFE063}.Debug|x64.ActiveCfg = Debug|x64
		{C87C643C-DA8C-4848-A7BE-488FC5DFE063}.Debug|x64.Build.0 = Debug|x64
		{C87C643C-DA8C-4848-A7BE-488FC5DFE063}.Debug|x86.ActiveCfg = Debug|Win32
		{C87C643C-DA8C-4848-A7BE-488FC5DFE063}.Debug|x86.Build.0 = Debug|Win32
		{C87C643C-DA8C-4848-A7BE-488FC5DFE063}.Release|x64.ActiveCfg = Release|x64
		{C87C643C-DA8C-4848-A7BE-488FC5DFE063}.Release|x64.Build.0 = Release|x64
		{C87C643C-DA8C-4848-A7BE-488FC5DFE063}.Release|x86.ActiveCfg = Release|Win32
		{C87C643C-DA8C-4848-A7BE-488FC5DFE063}.Release|x86.Build.0 = Release|Win32
		{D71CD7DF-9AA2-4260-AEFF-0F8DED6631AD}.Debug|x64.ActiveCfg = Debug|x64
		{D71CD7DF-9AA2-4260-AEFF-0F8DED6631AD}.Debug|x64.Build.0 = Debug|x64
		{D71CD7DF-9AA2-4260-AEFF-0F8DED6631AD}.Debug|x86.ActiveCfg = Debug|Win32
		{D71CD7DF-9AA2-4260-AEFF-0F8DED6631AD}.Debug|x86.Build.0 = Debug|Win32
		{D71CD7DF-9AA2-4260-AEFF-0F8DED6631AD}.Release|x64.ActiveCfg = Release|x64
		{D71CD7DF-9AA2-4260-AEFF-0F8DED6631AD}.Release|x64.Build.0 = Release|x64
		{D71CD7DF-9AA2-4260-AEFF-0F8DED6631AD}.Release|x86.ActiveCfg = Release|Win32
		{D71CD7DF-9AA2-4260-AEFF-0F8DED6631AD}.Release|x86.Build.0 = Release|Win32
		{7A754D42-9C6B-431B-ACD3-389CC6753F24}.Debug|x64.ActiveCfg = Debug|x64
		{7A754D42-9C6B-431B-ACD3-389CC6753F24}.Debug|x64.Build.0 = Debug|x64
		{7A754D42-9C6B-431B-ACD3-389CC6753F24}.Debug|x86.ActiveCfg = Debug|Win32
		{7A754D42-9C6B-431B-ACD3-389CC6753F24}.Debug|x86.Build.0 = Debug|Win32
		{7A754D42-9C6B-431B-ACD3-389CC6753F24}.Release|x64.ActiveCfg = Release|x64
		{7A754D42-9C6B-431B-ACD3-389CC6753F24}.Release|x64.Build.0 = Release|x64
		{7A754D42-9C6B-431B-ACD3-389CC6753F24}.Release|x86.ActiveCfg = Release|Win32
		{7A754D42-9C6B-431B-ACD3-389CC6753F24}.Release|x86.Build.0 = Release|Win32
		{18D412B0-A524-4729-8314-D0281DB1F125}.Debug|x64.ActiveCfg = Debug|x64
		{18D412B0-A524-4729-8314-D0281DB1F125}.Debug|x64.Build.0 = Debug|x64
		{18D412B0-A524-4729-8314-D0281DB1F125}.Debug|x86.ActiveCfg = Debug|Win32
		{18D412B0-A524-4729-8314-D0281DB1F125}.Debug|x86.Build.0 = Debug|Win32
		{18D412B0-A524-4729-8314-D0281DB1F125}.Release|x64.ActiveCfg = Release|x64
		{18D412B0-A524-4729-8314-D0281DB1F125}.Release|x64.Build.0 = Release|x64
		{18D412B0-A524-4729-8314-D0281DB1F125}.Release|x86.ActiveCfg = Release|Win32
		{18D412B0-A524-4729-8314-D0281DB1F125}.Release|x86.Build.0 = Release|Win32
		{DC3CA487-F283-4E9F-8EA6-099D99077E9E}.Debug|x64.ActiveCfg = Debug|x64
		{DC3CA487-F283-4E9F-8EA6-099D99077E9E}.Debug|x64.Build.0 = Debug|x64
		{DC3CA487-F283-4E9F-8EA6-099D99077E9E}.Debug|x86.ActiveCfg = Debug|Win32
		{DC3CA487-F283-4E9F-8EA6-099D99077E9E}.Debug|x86.Build.0 = Debug|Win32
		{DC3CA487-F283-4E9F-8EA6-099D99077E9E}.Release|x64.ActiveCfg = Release|x64
		{DC3CA487-F283-4E9F-8EA6-099D99077E9E}.Release|x64.Build.0 = Release|x64
		{DC3CA487-F283-4E9F-8EA6-099D99077E9E}.Release|x86.ActiveCfg = Release|Win32
		{DC3CA487-F283-4E9F-8EA6-099D99077E9E}.Release|x86.Build.0 = Release|Win32
		{E069B902-ED4F-4B39-949D-8C590DCB2C48}.Debug|x64.ActiveCfg = Debug|x64
		{E069B902-ED4F-4B39-949D-8C590DCB2C48}.Debug|x64.Build.0 = Debug|x64
		{E069B902-ED4F-4B39-949D-8C590DCB2C48}.Debug|x86.ActiveCfg = Debug|Win32
		{E069B902-ED4F-4B39-949D-8C590DCB2C48}.Debug|x86.Build.0 = Debug|Win32
		{E069B902-ED4F-4B39-949D-8C590DCB2C48}.Release|x64.ActiveCfg = Release|x64
		{E069B902-ED4F-4B39-949D-8C590DCB2C48}.Release|x64.Build.0 = Release|x64
		{E069B902-ED4F-4B39-949D-8C590DCB2C48}.Release|x86.ActiveCfg = Release|Win32
		{E069B902-ED4F-4B39-949D-8C590DCB2C48}.Release|x86.Build.0 = Release|Win32
		{15F9D2F0-E1DF-496E-9251-5086F73E9E59}.Debug|x64.ActiveCfg = Debug|x64
		{15F9D2F0-E1DF-496E-9251-5086F73E9E59}.Debug|x64.Build.0 = Debug|x64
		{15F9D2F0-E1DF-496E-9251-5086F73E9E59}.Debug|x86.ActiveCfg = Debug|Win32
		{15F9D2F0-E1DF-496E-9251-5086F73E9E59}.Debug|x86.Build.0 = Debug|Win32
		{15F9D2F0-E1DF-496E-9251-5086F73E9E59}.Release|x64.ActiveCfg = Release|x64
		{15F9D2F0-E1DF-496E-9251-5086F73E9E59}.Release|x64.Build.0 = Release|x64
		{15F9D2F0-E1DF-496E-9251-5086F73E9E59}.Release|x86.ActiveCfg = Release|Win32
		{15F9D2F0-E1DF-496E-9251-5086F73E9E59}.Release|x86.Build.0 = Release|Win32
		{E134423A-1135-4C7E-85C7-7F76006C94D4}.Debug|x64.ActiveCfg = Debug|x64
		{E134423A-1135-4C7E-85C7-7F76006C94D4}.Debug|x64.Build.0 = Debug|x64
		{E134423A-1135-4C7E-85C7-7F76006C94D4}.Debug|x86.ActiveCfg = Debug|Win32
		{E134423A-1135-4C7E-85C7-7F76006C94D4}.Debug|x86.Build.0 = Debug|Win32
		{E134423A-1135-4C7E-85C7-7F76006C94D4}.Release|x64.ActiveCfg = Release|x64
		{E134423A-1135-4C7E-85C7-7F76006C94D4}.Release|x64.Build.0 = Release|x64
		{E134423A-1135-4C7E-85C7-7F76006C94D4}.Release|x86.ActiveCfg = Release|Win32
		{E134423A-1135-4C7E-85C7-7F76006C94D4}.Release|x86.Build.0 = Release|Win32
		{E827BDC8-9C73-404A-A0C3-0D42F59D14F0}.Debug|x64.ActiveCfg = Debug|x64
		{E827BDC8-9C73-404A-A0C3-0D42F59D14F0}.Debug|x64.Build.0 = Debug|x64
		{E827BDC8-9C73-404A-A0C3-0D42F59D14F0}.Debug|x86.ActiveCfg = Debug|Win32
		{E827BDC8-9C73-404A-A0C3-0D42F59D14F0}.Debug|x86.Build.0 = Debug|Win32
		{E827BDC8-9C73-404A-A0C3-0D42F59D14F0}.Release|x64.ActiveCfg = Release|x64
		{E827BDC8-9C73-404A-A0C3-0D42F59D14F0}.Release|x64.Build.0 = Release|x64
		{E827BDC8-9C73-404A-A0C3-0D42F59D14F0}.Release|x86.ActiveCfg = Release|Win32
		{E827BDC8-9C73-404A-A0C3-0D42F59D14F0}.Release|x86.Build.0 = Release|Win32
		{BA70784D-4585-4CED-9D73-46BC0640F78C}.Debug|x64.ActiveCfg = Debug|x64
		{BA70784D-4585-4CED-9D73-46BC0640F78C}.Debug|x64.Build.0 = Debug|x64
		{BA70784D-4585-4CED-9D73-46BC0640F78C}.Debug|x86.ActiveCfg = Debug|Win32
		{BA70784D-4585-4CED-9D73-46BC0640F78C}.Debug|x86.Build.0 = Debug|Win32
		{BA70784D-4585-4CED-9D73-46BC0640F78C}.Release|x64.ActiveCfg = Release|x64
		{BA70784D-4585-4CED-9D73-46BC0640F78C}.Release|x64.Build.0 = Release|x64
		{BA70784D-4585-4CED-9D73-46BC0640F78C}.Release|x86.ActiveCfg = Release|Win32
		{BA70784D-4585-4CED-9D73-46BC0640F78C}.Release|x86.Build.0 = Release|Win32
		{403850E2-CFDA-4EC8-B2D6-12C232585F7F}.Debug|x64.ActiveCfg = Debug|x64
		{403850E2-CFDA-4EC8-B2D6-12C232585F7F}.Debug|x64.Build.0 = Debug|x64
		{403850E2-CFDA-4EC8-B2D6-12C232585F7F}.Debug|x86.ActiveCfg = Debug|Win32
		{403850E2-CFDA-4EC8-B2D6-12C232585F7F}.Debug|x86.Build.0 = Debug|Win32
		{403850E2-CFDA-4EC8-B2D6-12C232585F7F}.Release|x64.ActiveCfg = Release|x64
		{403850E2-CFDA-4EC8-B2D6-12C232585F7F}.Release|x64.Build.0 = Release|x64
		{403850E2-CFDA-4EC8-B2D6-12C232585F7F}.Release|x86.ActiveCfg = Release|Win32
		{403850E2-CFDA-4EC8-B2D6-12C232585F7F}.Release|x86.Build.0 = Release|Win32
		{F86F13D6-9DB0-4811-A70E-47F3F0934F5C}.Debug|x64.ActiveCfg = Debug|x64
		{F86F13D6-9DB0-4811-A70E-47F3F0934F5C}.Debug|x64.Build.0 = Debug|x64
		{F86F13D6-9DB0-4811-A70E-47F3F0934F5C}.Debug|x86.ActiveCfg = Debug|Win32
		{F86F13D6-9DB0-4811-A70E-47F3F0934F5C}.Debug|x86.Build.0 = Debug|Win32
		{F86F13D6-9DB0-4811-A70E-47F3F0934F5C}.Release|x64.ActiveCfg = Release|x64
		{F86F13D6-9DB0-4811-A70E-47F3F0934F5C}.Release|x64.Build.0 = Release|x64
		{F86F13D6-9DB0-4811-A70E-47F3F0934F5C}.Release|x86.ActiveCfg = Release|Win32
		{F86F13D6-9DB0-4811-A70E-47F3F0934F5C}.Release|x86.Build.0 = Release|Win32
		{F6DFC00B-600A-4402-A58A-B80450912223}.Debug|x64.ActiveCfg = Debug|x64
		{F6DFC00B-600A-4402-A58A-B80450912223}.Debug|x64.Build.0 = Debug|x64
		{F6DFC00B-600A-4402-A58A-B80450912223}.Debug|x86.ActiveCfg = Debug|Win32
		{F6DFC00B-600A-4402-A58A-B80450912223}.Debug|x86.Build.0 = Debug|Win32
		{F6DFC00B-600A-4402-A58A-B80450912223}.Release|x64.ActiveCfg = Release|x64
		{F6DFC00B-600A-4402-A58A-B80450912223}.Release|x64.Build.0 = Release|x64
		{F6DFC00B-600A-4402-A58A-B80450912223}.Release|x86.ActiveCfg = Release|Win32
		{F6DFC00B-600A-4402-A58A-B80450912223}.Release|x86.Build.0 = Release|Win32
		{21E33733-87D7-4FB6-B188-29F57470CECF}.Debug|x64.ActiveCfg = Debug|x64
		{21E33733-87D7-4FB6-B188-29F57470CECF}.Debug|x64.Build.0 = Debug|x64
		{21E33733-87D7-4FB6-B188-29F57470CECF}.Debug|x86.ActiveCfg = Debug|Win32
		{21E33733-87D7-4FB6-B188-29F57470CECF}.Debug|x86.Build.0 = Debug|Win32
		{21E33733-87D7-4FB6-B188-29F57470CECF}.Release|x64.ActiveCfg = Release|x64
		{21E33733-87D7-4FB6-B188-29F57470CECF}.Release|x64.Build.0 = Release|x64
		{21E33733-87D7-4FB6-B188-29F57470CECF}.Release|x86.ActiveCfg = Release|Win32
		{21E33733-87D7-4FB6-B188-29F57470CECF}.Release|x86.Build.0 = Release|Win32
		{08E20502-9DEC-4AF3-891C-402C37DDC13B}.Debug|x64.ActiveCfg = Debug|x64
		{08E20502-9DEC-4AF3-891C-402C37DDC13B}.Debug|x64.Build.0 = Debug|x64
		{08E20502-9DEC-4AF3-891C-402C37DDC13B}.Debug|x86.ActiveCfg = Debug|Win32
		{08E20502-9DEC-4AF3-891C-402C37DDC13B}.Debug|x86.Build.0 = Debug|Win32
		{08E20502-9DEC-4AF3-891C-402C37DDC13B}.Release|x64.ActiveCfg = Release|x64
		{08E20502-9DEC-4AF3-891C-402C37DDC13B}.Release|x64.Build.0 = Release|x64
		{08E20502-9DEC-4AF3-891C-402C37DDC13B}.Release|x86.ActiveCfg = Release|Win32
		{08E20502-9DEC-4AF3-891C-402C37DDC13B}.Release|x86.Build.0 = Release|Win32
		{6B1A4439-3A41-49B4-A636-277F836B4F1B}.Debug|x64.ActiveCfg = Debug|x64
		{6B1A4439-3A41-49B4-A636-277F836B4F1B}.Debug|x64.Build.0 = Debug|x64
		{6B1A4439-3A41-49B4-A636-277F836B4F1B}.Debug|x86.ActiveCfg = Debug|Win32
		{6B1A4439-3A41-49B4-A636-277F836B4F1B}.Debug|x86.Build.0 = Debug|Win32
		{6B1A4439-3A41-49B4-A636-277F836B4F1B}.Release|x64.ActiveCfg = Release|x64
		{6B1A4439-3A41-49B4-A636-277F836B4F1B}.Release|x64.Build.0 = Release|x64
		{6B1A4439-3A41-49B4-A636-277F836B4F1B}.Release|x86.ActiveCfg = Release|Win32
		{6B1A4439-3A41-49B4-A636-277F836B4F1B}.Release|x86.Build.0 = Release|Win32
		{08509620-935B-4887-AC1C-0FF579444232}.Debug|x64.ActiveCfg = Debug|x64
		{08509620-935B-4887-AC1C-0FF579444232}.Debug|x64.Build.0 = Debug|x64
		{08509620-935B-4887-AC1C-0FF579444232}.Debug|x86.ActiveCfg = Debug|Win32
		{08509620-935B-4887-AC1C-0FF579444232}.Debug|x86.Build.0 = Debug|Win32
		{08509620-935B-4887-AC1C-0FF579444232}.Release|x64.ActiveCfg = Release|x64
		{08509620-935B-4887-AC1C-0FF579444232}.Release|x64.Build.0 = Release|x64
		{08509620-935B-4887-AC1C-0FF579444232}.Release|x86.ActiveCfg = Release|Win32
		{08509620-935B-4887-AC1C-0FF579444232}.Release|x86.Build.0 = Release|Win32
		{5CD224E0-BAFF-4190-A103-3E217439C47A}.Debug|x64.ActiveCfg = Debug|x64
		{5CD224E0-BAFF-4190-A103-3E217439C47A}.Debug|x64.Build.0 = Debug|x64
		{5CD224E0-BAFF-4190-A103-3E217439C47A}.Debug|x86.ActiveCfg = Debug|Win32
		{5CD224E0-BAFF-4190-A103-3E217439C47A}.Debug|x86.Build.0 = Debug|Win32
		{5CD224E0-BAFF-4190-A103-3E217439C47A}.Release|x64.ActiveCfg = Release|x64
		{5CD224E0-BAFF-4190-A103-3E217439C47A}.Release|x64.Build.0 = Release|x64
		{5CD224E0-BAFF-4190-A103-3E217439C47A}.Release|x86.ActiveCfg = Release|Win32
		{5CD224E0-BAFF-4190-A103-3E217439C47A}.Release|x86.Build.0 = Release|Win32
	EndGlobalSection
	GlobalSection(SolutionProperties) = preSolution
		HideSolutionNode = FALSE
	EndGlobalSection
	GlobalSection(ExtensibilityGlobals) = postSolution
		SolutionGuid = {497E2B4D-8FD2-465E-A5F3-234E97718624}
	EndGlobalSection
EndGlobal
