
Microsoft Visual Studio Solution File, Format Version 12.00
# Visual Studio Version 16
VisualStudioVersion = 16.0.30225.117
MinimumVisualStudioVersion = 10.0.40219.1
Project("{8BC9CEB8-8B4A-11D0-8D11-00A0C91BC942}") = "MyFirstProj", "MyFirstProj\MyFirstProj.vcxproj", "{36D04819-7B78-4D3D-AD09-4C92F2980489}"
EndProject
Project("{8BC9CEB8-8B4A-11D0-8D11-00A0C91BC942}") = "MySecondProj", "MySecondProj\MySecondProj.vcxproj", "{C87C643C-DA8C-4848-A7BE-488FC5DFE063}"
EndProject
Project("{8BC9CEB8-8B4A-11D0-8D11-00A0C91BC942}") = "UsePrintf", "UsePrintf\UsePrintf.vcxproj", "{D71CD7DF-9AA2-4260-AEFF-0F8DED6631AD}"
EndProject
Project("{8BC9CEB8-8B4A-11D0-8D11-00A0C91BC942}") = "UseKeywords", "UseKeywords\UseKeywords.vcxproj", "{7A754D42-9C6B-431B-ACD3-389CC6753F24}"
EndProject
Project("{8BC9CEB8-8B4A-11D0-8D11-00A0C91BC942}") = "MakeFunc", "MakeFunc\MakeFunc.vcxproj", "{18D412B0-A524-4729-8314-D0281DB1F125}"
EndProject
Project("{8BC9CEB8-8B4A-11D0-8D11-00A0C91BC942}") = "UseScanf", "UseScanf\UseScanf.vcxproj", "{DC3CA487-F283-4E9F-8EA6-099D99077E9E}"
EndProject
Project("{8BC9CEB8-8B4A-11D0-8D11-00A0C91BC942}") = "InputToOutput", "InputToOutput\InputToOutput.vcxproj", "{E069B902-ED4F-4B39-949D-8C590DCB2C48}"
EndProject
Project("{8BC9CEB8-8B4A-11D0-8D11-00A0C91BC942}") = "IntOverflow", "IntOverflow\IntOverflow.vcxproj", "{15F9D2F0-E1DF-496E-9251-5086F73E9E59}"
EndProject
Project("{8BC9CEB8-8B4A-11D0-8D11-00A0C91BC942}") = "TypesOfInt", "TypesOfInt\TypesOfInt.vcxproj", "{E134423A-1135-4C7E-85C7-7F76006C94D4}"
EndProject
Project("{8BC9CEB8-8B4A-11D0-8D11-00A0C91BC942}") = "UseNotation", "UseNotation\UseNotation.vcxproj", "{E827BDC8-9C73-404A-A0C3-0D42F59D14F0}"
EndProject
Project("{8BC9CEB8-8B4A-11D0-8D11-00A0C91BC942}") = "FixedWidthInt", "FixedWidthInt\FixedWidthInt.vcxproj", "{BA70784D-4585-4CED-9D73-46BC0640F78C}"
EndProject
Project("{8BC9CEB8-8B4A-11D0-8D11-00A0C91BC942}") = "UseString", "UseString\UseString.vcxproj", "{403850E2-CFDA-4EC8-B2D6-12C232585F7F}"
EndProject
Project("{8BC9CEB8-8B4A-11D0-8D11-00A0C91BC942}") = "LearnFloatingSysyems", "LearnFloatingSysyems\LearnFloatingSysyems.vcxproj", "{F86F13D6-9DB0-4811-A70E-47F3F0934F5C}"
EndProject
Project("{8BC9CEB8-8B4A-11D0-8D11-00A0C91BC942}") = "IssuesInFloatingSys", "IssuesInFloatingSys\IssuesInFloatingSys.vcxproj", "{F6DFC00B-600A-4402-A58A-B80450912223}"
EndProject
Project("{8BC9CEB8-8B4A-11D0-8D11-00A0C91BC942}") = "LearnBoolean", "LearnBoolean\LearnBoolean.vcxproj", "{21E33733-87D7-4FB6-B188-29F57470CECF}"
EndProject
Project("{8BC9CEB8-8B4A-11D0-8D11-00A0C91BC942}") = "LearnStringType", "LearnStringType\LearnStringType.vcxproj", "{08E20502-9DEC-4AF3-891C-402C37DDC13B}"
EndProject
Project("{8BC9CEB8-8B4A-11D0-8D11-00A0C91BC942}") = "USEsizeof", "USEsizeof\USEsizeof.vcxproj", "{6B1A4439-3A41-49B4-A636-277F836B4F1B}"
EndProject
Project("{8BC9CEB8-8B4A-11D0-8D11-00A0C91BC942}") = "MemoryWithString", "MemoryWithString\MemoryWithString.vcxproj", "{08509620-935B-4887-AC1C-0FF579444232}"
EndProject
Project("{8BC9CEB8-8B4A-11D0-8D11-00A0C91BC942}") = "USEstrlen", "USEstrlen\USEstrlen.vcxproj", "{5CD224E0-BAFF-4190-A103-3E217439C47A}"
EndProject
Project("{8BC9CEB8-8B4A-11D0-8D11-00A0C91BC942}") = "UseSymbolicConst", "UseSymbolicConst\UseSymbolicConst.vcxproj", "{BBAA35AD-69C1-4EF8-B608-679613DF4732}"
EndProject
Project("{8BC9CEB8-8B4A-11D0-8D11-00A0C91BC942}") = "ConversionSpecifierPrintf", "ConversionSpecifierPrintf\ConversionSpecifierPrintf.vcxproj", "{2C3A62CB-FB41-469B-961F-31F1630323F9}"
EndProject
Project("{8BC9CEB8-8B4A-11D0-8D11-00A0C91BC942}") = "printfStackMemory", "printfStackMemory\printfStackMemory.vcxproj", "{012642B5-A83A-4152-ADBE-0068939B6320}"
EndProject
Project("{8BC9CEB8-8B4A-11D0-8D11-00A0C91BC942}") = "UsageScanf", "UsageScanf\UsageScanf.vcxproj", "{5B7D50C2-09D4-43B7-9E13-466B7F6AD19E}"
EndProject
Project("{8BC9CEB8-8B4A-11D0-8D11-00A0C91BC942}") = "UseLoop", "UseLoop\UseLoop.vcxproj", "{B0E6C17F-5BD1-40B7-8B60-624DD4694F6B}"
EndProject
Project("{8BC9CEB8-8B4A-11D0-8D11-00A0C91BC942}") = "MultiplyOperator", "MultiplyOperator\MultiplyOperator.vcxproj", "{712CBDCD-0111-48AC-8C72-DB5C1ADEBBF0}"
EndProject
Project("{8BC9CEB8-8B4A-11D0-8D11-00A0C91BC942}") = "UsageDivision", "UsageDivision\UsageDivision.vcxproj", "{C92B018D-BD5F-4EC0-BC01-7C152F7494A1}"
EndProject
Project("{8BC9CEB8-8B4A-11D0-8D11-00A0C91BC942}") = "IncreDecreOperator", "IncreDecreOperator\IncreDecreOperator.vcxproj", "{5AFC09C1-2BA9-4041-881A-E18EB049F12F}"
EndProject
Project("{8BC9CEB8-8B4A-11D0-8D11-00A0C91BC942}") = "LearnTypeConversions", "LearnTypeConversions\LearnTypeConversions.vcxproj", "{69F13D79-5685-4D7A-93F1-87C564548480}"
EndProject
Project("{8BC9CEB8-8B4A-11D0-8D11-00A0C91BC942}") = "ArgumentParams", "ArgumentParams\ArgumentParams.vcxproj", "{5701A229-519F-4BA5-A97E-ACA50A61C2CA}"
EndProject
Project("{8BC9CEB8-8B4A-11D0-8D11-00A0C91BC942}") = "WhileScanf", "WhileScanf\WhileScanf.vcxproj", "{11530DE6-B101-4997-811D-731FA69ED2E5}"
EndProject
Project("{8BC9CEB8-8B4A-11D0-8D11-00A0C91BC942}") = "CautionsWhile", "CautionsWhile\CautionsWhile.vcxproj", "{10B34BF7-EA15-49F8-BC96-81A2BB419C0F}"
EndProject
Project("{8BC9CEB8-8B4A-11D0-8D11-00A0C91BC942}") = "TrueFalse", "TrueFalse\TrueFalse.vcxproj", "{9A9BDD83-72E0-4111-B6C3-287864BDDC9E}"
EndProject
Project("{8BC9CEB8-8B4A-11D0-8D11-00A0C91BC942}") = "TypeBool", "TypeBool\TypeBool.vcxproj", "{FA59C4BB-56A3-4971-B8A2-D1ED63860B98}"
EndProject
Project("{8BC9CEB8-8B4A-11D0-8D11-00A0C91BC942}") = "forLoop", "forLoop\forLoop.vcxproj", "{82E18E26-FCA9-4BB6-93C5-50AC218DFDB8}"
EndProject
Project("{8BC9CEB8-8B4A-11D0-8D11-00A0C91BC942}") = "ZenonParadox", "ZenonParadox\ZenonParadox.vcxproj", "{CA612CDE-AF29-44E6-B094-CDF72CD1DDD5}"
EndProject
Project("{8BC9CEB8-8B4A-11D0-8D11-00A0C91BC942}") = "dowhile", "dowhile\dowhile.vcxproj", "{E760D4C7-D83C-4F09-A4FD-9759E1582EEB}"
EndProject
Project("{8BC9CEB8-8B4A-11D0-8D11-00A0C91BC942}") = "NestedLoop", "NestedLoop\NestedLoop.vcxproj", "{2BBA26CD-16F8-4B43-9639-BDE05A5E1A9B}"
EndProject
Project("{8BC9CEB8-8B4A-11D0-8D11-00A0C91BC942}") = "NestedLoop2", "NestedLoop2\NestedLoop2.vcxproj", "{59C98D32-FEF0-46E8-BC9B-8CC6F11C2406}"
EndProject
Project("{8BC9CEB8-8B4A-11D0-8D11-00A0C91BC942}") = "NestedLoop3", "NestedLoop3\NestedLoop3.vcxproj", "{D53FF09E-DFAA-45CF-B26A-4E5839378277}"
EndProject
Project("{8BC9CEB8-8B4A-11D0-8D11-00A0C91BC942}") = "ArrayRuntimeError", "ArrayRuntimeError\ArrayRuntimeError.vcxproj", "{38832987-2059-4EE9-A0D4-5A22F61F9099}"
EndProject
Project("{8BC9CEB8-8B4A-11D0-8D11-00A0C91BC942}") = "ForWithArray", "ForWithArray\ForWithArray.vcxproj", "{F514BDED-5B17-4543-AF49-580EFEC24DD6}"
EndProject
Project("{8BC9CEB8-8B4A-11D0-8D11-00A0C91BC942}") = "ForAndFunc", "ForAndFunc\ForAndFunc.vcxproj", "{AA9D8959-412B-4FF6-B408-1608D214F518}"
EndProject
Project("{8BC9CEB8-8B4A-11D0-8D11-00A0C91BC942}") = "BSif", "BSif\BSif.vcxproj", "{D9DAD4E5-7C59-49CD-B3DD-802D3F987759}"
EndProject
Project("{8BC9CEB8-8B4A-11D0-8D11-00A0C91BC942}") = "GetcharPutchar", "GetcharPutchar\GetcharPutchar.vcxproj", "{75E0D6EC-96A4-48CB-AB54-D5C4610430FE}"
EndProject
Project("{8BC9CEB8-8B4A-11D0-8D11-00A0C91BC942}") = "UseCtypeh", "UseCtypeh\UseCtypeh.vcxproj", "{79D3B0C9-5540-4118-99D7-1C199E53E487}"
EndProject
Project("{8BC9CEB8-8B4A-11D0-8D11-00A0C91BC942}") = "UseElseif", "UseElseif\UseElseif.vcxproj", "{BD5B3ED7-BFD7-482C-8FE2-DA9AFF64D8DB}"
EndProject
Project("{8BC9CEB8-8B4A-11D0-8D11-00A0C91BC942}") = "MakeIsPrime", "MakeIsPrime\MakeIsPrime.vcxproj", "{849B6361-717A-44E1-AB30-3EA6D8F14385}"
EndProject
Project("{8BC9CEB8-8B4A-11D0-8D11-00A0C91BC942}") = "LearnLogicalOperators", "LearnLogicalOperators\LearnLogicalOperators.vcxproj", "{14C85D1F-B682-4908-9BB3-8EE9150C4241}"
EndProject
Project("{8BC9CEB8-8B4A-11D0-8D11-00A0C91BC942}") = "CountNum", "CountNum\CountNum.vcxproj", "{22BC08E4-6B0D-464C-911C-34CA7BEEA597}"
EndProject
Project("{8BC9CEB8-8B4A-11D0-8D11-00A0C91BC942}") = "ConditionalOperator", "ConditionalOperator\ConditionalOperator.vcxproj", "{E157078A-F35A-4501-97D5-05B711CD064C}"
EndProject
Project("{8BC9CEB8-8B4A-11D0-8D11-00A0C91BC942}") = "ContinueBreak", "ContinueBreak\ContinueBreak.vcxproj", "{5461CC22-FA50-45B6-83F5-4A9628133B7E}"
EndProject
Project("{8BC9CEB8-8B4A-11D0-8D11-00A0C91BC942}") = "SwitchBreak", "SwitchBreak\SwitchBreak.vcxproj", "{09B8A71D-796A-4E82-AA5D-848EE0BB746F}"
EndProject
Project("{8BC9CEB8-8B4A-11D0-8D11-00A0C91BC942}") = "Nobuffer", "Nobuffer\Nobuffer.vcxproj", "{9FC45C17-61A0-4468-B48D-81731F2D009C}"
EndProject
Project("{8BC9CEB8-8B4A-11D0-8D11-00A0C91BC942}") = "EndOfFile", "EndOfFile\EndOfFile.vcxproj", "{7A554123-CE84-4968-A69F-14EB9AD68360}"
EndProject
Project("{8BC9CEB8-8B4A-11D0-8D11-00A0C91BC942}") = "RedirectionFiles", "RedirectionFiles\RedirectionFiles.vcxproj", "{1CB8C83D-CF41-40CF-9E3C-EFE9AC8B18D2}"
EndProject
Project("{8BC9CEB8-8B4A-11D0-8D11-00A0C91BC942}") = "IFforUsers", "IFforUsers\IFforUsers.vcxproj", "{B28DF508-ABB6-4A2F-BD02-8C423DB8FF43}"
EndProject
Project("{8BC9CEB8-8B4A-11D0-8D11-00A0C91BC942}") = "CharAndInt", "CharAndInt\CharAndInt.vcxproj", "{4D76295D-762D-42A2-B4FC-99B1148CC2A8}"
EndProject
Project("{8BC9CEB8-8B4A-11D0-8D11-00A0C91BC942}") = "CheckInput", "CheckInput\CheckInput.vcxproj", "{BA2FD1AA-8144-4805-B7F1-1DC89E760BAF}"
EndProject
Project("{8BC9CEB8-8B4A-11D0-8D11-00A0C91BC942}") = "ReadTextFile", "ReadTextFile\ReadTextFile.vcxproj", "{E535CE63-5606-4967-9EC1-4B1CF2BDB3E8}"
EndProject
Project("{8BC9CEB8-8B4A-11D0-8D11-00A0C91BC942}") = "MakeFunctions", "MakeFunctions\MakeFunctions.vcxproj", "{EDDC20F9-011A-4F29-A8DF-04871AB417C4}"
EndProject
Project("{8BC9CEB8-8B4A-11D0-8D11-00A0C91BC942}") = "ScopeAndLocalvar", "ScopeAndLocalvar\ScopeAndLocalvar.vcxproj", "{DC20B879-D700-49E3-BAA8-09CB470F18FB}"
EndProject
Project("{8BC9CEB8-8B4A-11D0-8D11-00A0C91BC942}") = "UseRecursion", "UseRecursion\UseRecursion.vcxproj", "{417B62E3-F913-4FF8-A7F8-E53463700D55}"
EndProject
Project("{8BC9CEB8-8B4A-11D0-8D11-00A0C91BC942}") = "FactorialNum", "FactorialNum\FactorialNum.vcxproj", "{63D01EC0-CEBA-4FE4-8893-BDAB12D0B91E}"
EndProject
Project("{8BC9CEB8-8B4A-11D0-8D11-00A0C91BC942}") = "BinaryLoop", "BinaryLoop\BinaryLoop.vcxproj", "{6E2539D6-C8A1-40EF-B6AC-AC13ED98F075}"
EndProject
Project("{8BC9CEB8-8B4A-11D0-8D11-00A0C91BC942}") = "Fibonacci", "Fibonacci\Fibonacci.vcxproj", "{CC438104-DFFC-413D-B50E-AC07F2DAC54A}"
EndProject
Project("{8BC9CEB8-8B4A-11D0-8D11-00A0C91BC942}") = "LearnPtr", "LearnPtr\LearnPtr.vcxproj", "{A1030081-50F2-4D29-9515-909CE1A3A86C}"
EndProject
Project("{8BC9CEB8-8B4A-11D0-8D11-00A0C91BC942}") = "SizeOfPtr", "SizeOfPtr\SizeOfPtr.vcxproj", "{063BDB68-C6F6-44C8-A061-AC9ECA9A9C4A}"
EndProject
Project("{8BC9CEB8-8B4A-11D0-8D11-00A0C91BC942}") = "ParamsINptr", "ParamsINptr\ParamsINptr.vcxproj", "{76403777-65D5-4B6E-B321-B90848B0AE01}"
EndProject
Project("{8BC9CEB8-8B4A-11D0-8D11-00A0C91BC942}") = "ArrayPtr", "ArrayPtr\ArrayPtr.vcxproj", "{CA025450-E95C-47F5-AA89-52D8D61BB31B}"
EndProject
Project("{8BC9CEB8-8B4A-11D0-8D11-00A0C91BC942}") = "PointerArithmetic", "PointerArithmetic\PointerArithmetic.vcxproj", "{958AF33D-ADBA-442A-8409-878AB9460DD6}"
EndProject
Project("{8BC9CEB8-8B4A-11D0-8D11-00A0C91BC942}") = "ArrayPtr01", "ArrayPtr01\ArrayPtr01.vcxproj", "{5C62AFFC-EC82-4D65-A098-8E36E6BDC6A8}"
EndProject
Project("{8BC9CEB8-8B4A-11D0-8D11-00A0C91BC942}") = "2Darray", "2Darray\2Darray.vcxproj", "{E1FD17D9-B673-4EAC-B8E3-52EBEF939DC3}"
EndProject
Project("{8BC9CEB8-8B4A-11D0-8D11-00A0C91BC942}") = "2Darray01", "2Darray01\2Darray01.vcxproj", "{EF14B164-5271-43F8-BD21-6ECCCB88A448}"
EndProject
Project("{8BC9CEB8-8B4A-11D0-8D11-00A0C91BC942}") = "FuncArray", "FuncArray\FuncArray.vcxproj", "{45B9A071-754E-4772-9ADD-BF1F400ADBD9}"
EndProject
Project("{8BC9CEB8-8B4A-11D0-8D11-00A0C91BC942}") = "2PtrFunc", "2PtrFunc\2PtrFunc.vcxproj", "{4D3722BC-B35E-4022-A04A-A6821F7F6680}"
EndProject
Project("{8BC9CEB8-8B4A-11D0-8D11-00A0C91BC942}") = "PtrOperations", "PtrOperations\PtrOperations.vcxproj", "{9E22E03F-0F27-42BD-B251-A916F9DF4221}"
EndProject
Project("{8BC9CEB8-8B4A-11D0-8D11-00A0C91BC942}") = "ConstCondition", "ConstCondition\ConstCondition.vcxproj", "{BD282550-E5FE-4A23-9B2F-B77D1F756C25}"
EndProject
Project("{8BC9CEB8-8B4A-11D0-8D11-00A0C91BC942}") = "ConstArrayParams", "ConstArrayParams\ConstArrayParams.vcxproj", "{F14BE5A6-4E1B-43AA-9FC6-8E2D9556A116}"
EndProject
Project("{8BC9CEB8-8B4A-11D0-8D11-00A0C91BC942}") = "Ptr2dArr", "Ptr2dArr\Ptr2dArr.vcxproj", "{6628C944-675D-444C-BA2D-7E6EC92B165A}"
EndProject
Project("{8BC9CEB8-8B4A-11D0-8D11-00A0C91BC942}") = "Ptr2dArr01", "Ptr2dArr01\Ptr2dArr01.vcxproj", "{85B4B640-DC8C-48C0-BF9B-4EBCC6E298F9}"
EndProject
Project("{8BC9CEB8-8B4A-11D0-8D11-00A0C91BC942}") = "MutidimArr", "MutidimArr\MutidimArr.vcxproj", "{54BEB0B8-4728-40C6-B9BF-46AFFCDBE980}"
EndProject
Global
	GlobalSection(SolutionConfigurationPlatforms) = preSolution
		Debug|x64 = Debug|x64
		Debug|x86 = Debug|x86
		Release|x64 = Release|x64
		Release|x86 = Release|x86
	EndGlobalSection
	GlobalSection(ProjectConfigurationPlatforms) = postSolution
		{36D04819-7B78-4D3D-AD09-4C92F2980489}.Debug|x64.ActiveCfg = Debug|x64
		{36D04819-7B78-4D3D-AD09-4C92F2980489}.Debug|x64.Build.0 = Debug|x64
		{36D04819-7B78-4D3D-AD09-4C92F2980489}.Debug|x86.ActiveCfg = Debug|Win32
		{36D04819-7B78-4D3D-AD09-4C92F2980489}.Debug|x86.Build.0 = Debug|Win32
		{36D04819-7B78-4D3D-AD09-4C92F2980489}.Release|x64.ActiveCfg = Release|x64
		{36D04819-7B78-4D3D-AD09-4C92F2980489}.Release|x64.Build.0 = Release|x64
		{36D04819-7B78-4D3D-AD09-4C92F2980489}.Release|x86.ActiveCfg = Release|Win32
		{36D04819-7B78-4D3D-AD09-4C92F2980489}.Release|x86.Build.0 = Release|Win32
		{C87C643C-DA8C-4848-A7BE-488FC5DFE063}.Debug|x64.ActiveCfg = Debug|x64
		{C87C643C-DA8C-4848-A7BE-488FC5DFE063}.Debug|x64.Build.0 = Debug|x64
		{C87C643C-DA8C-4848-A7BE-488FC5DFE063}.Debug|x86.ActiveCfg = Debug|Win32
		{C87C643C-DA8C-4848-A7BE-488FC5DFE063}.Debug|x86.Build.0 = Debug|Win32
		{C87C643C-DA8C-4848-A7BE-488FC5DFE063}.Release|x64.ActiveCfg = Release|x64
		{C87C643C-DA8C-4848-A7BE-488FC5DFE063}.Release|x64.Build.0 = Release|x64
		{C87C643C-DA8C-4848-A7BE-488FC5DFE063}.Release|x86.ActiveCfg = Release|Win32
		{C87C643C-DA8C-4848-A7BE-488FC5DFE063}.Release|x86.Build.0 = Release|Win32
		{D71CD7DF-9AA2-4260-AEFF-0F8DED6631AD}.Debug|x64.ActiveCfg = Debug|x64
		{D71CD7DF-9AA2-4260-AEFF-0F8DED6631AD}.Debug|x64.Build.0 = Debug|x64
		{D71CD7DF-9AA2-4260-AEFF-0F8DED6631AD}.Debug|x86.ActiveCfg = Debug|Win32
		{D71CD7DF-9AA2-4260-AEFF-0F8DED6631AD}.Debug|x86.Build.0 = Debug|Win32
		{D71CD7DF-9AA2-4260-AEFF-0F8DED6631AD}.Release|x64.ActiveCfg = Release|x64
		{D71CD7DF-9AA2-4260-AEFF-0F8DED6631AD}.Release|x64.Build.0 = Release|x64
		{D71CD7DF-9AA2-4260-AEFF-0F8DED6631AD}.Release|x86.ActiveCfg = Release|Win32
		{D71CD7DF-9AA2-4260-AEFF-0F8DED6631AD}.Release|x86.Build.0 = Release|Win32
		{7A754D42-9C6B-431B-ACD3-389CC6753F24}.Debug|x64.ActiveCfg = Debug|x64
		{7A754D42-9C6B-431B-ACD3-389CC6753F24}.Debug|x64.Build.0 = Debug|x64
		{7A754D42-9C6B-431B-ACD3-389CC6753F24}.Debug|x86.ActiveCfg = Debug|Win32
		{7A754D42-9C6B-431B-ACD3-389CC6753F24}.Debug|x86.Build.0 = Debug|Win32
		{7A754D42-9C6B-431B-ACD3-389CC6753F24}.Release|x64.ActiveCfg = Release|x64
		{7A754D42-9C6B-431B-ACD3-389CC6753F24}.Release|x64.Build.0 = Release|x64
		{7A754D42-9C6B-431B-ACD3-389CC6753F24}.Release|x86.ActiveCfg = Release|Win32
		{7A754D42-9C6B-431B-ACD3-389CC6753F24}.Release|x86.Build.0 = Release|Win32
		{18D412B0-A524-4729-8314-D0281DB1F125}.Debug|x64.ActiveCfg = Debug|x64
		{18D412B0-A524-4729-8314-D0281DB1F125}.Debug|x64.Build.0 = Debug|x64
		{18D412B0-A524-4729-8314-D0281DB1F125}.Debug|x86.ActiveCfg = Debug|Win32
		{18D412B0-A524-4729-8314-D0281DB1F125}.Debug|x86.Build.0 = Debug|Win32
		{18D412B0-A524-4729-8314-D0281DB1F125}.Release|x64.ActiveCfg = Release|x64
		{18D412B0-A524-4729-8314-D0281DB1F125}.Release|x64.Build.0 = Release|x64
		{18D412B0-A524-4729-8314-D0281DB1F125}.Release|x86.ActiveCfg = Release|Win32
		{18D412B0-A524-4729-8314-D0281DB1F125}.Release|x86.Build.0 = Release|Win32
		{DC3CA487-F283-4E9F-8EA6-099D99077E9E}.Debug|x64.ActiveCfg = Debug|x64
		{DC3CA487-F283-4E9F-8EA6-099D99077E9E}.Debug|x64.Build.0 = Debug|x64
		{DC3CA487-F283-4E9F-8EA6-099D99077E9E}.Debug|x86.ActiveCfg = Debug|Win32
		{DC3CA487-F283-4E9F-8EA6-099D99077E9E}.Debug|x86.Build.0 = Debug|Win32
		{DC3CA487-F283-4E9F-8EA6-099D99077E9E}.Release|x64.ActiveCfg = Release|x64
		{DC3CA487-F283-4E9F-8EA6-099D99077E9E}.Release|x64.Build.0 = Release|x64
		{DC3CA487-F283-4E9F-8EA6-099D99077E9E}.Release|x86.ActiveCfg = Release|Win32
		{DC3CA487-F283-4E9F-8EA6-099D99077E9E}.Release|x86.Build.0 = Release|Win32
		{E069B902-ED4F-4B39-949D-8C590DCB2C48}.Debug|x64.ActiveCfg = Debug|x64
		{E069B902-ED4F-4B39-949D-8C590DCB2C48}.Debug|x64.Build.0 = Debug|x64
		{E069B902-ED4F-4B39-949D-8C590DCB2C48}.Debug|x86.ActiveCfg = Debug|Win32
		{E069B902-ED4F-4B39-949D-8C590DCB2C48}.Debug|x86.Build.0 = Debug|Win32
		{E069B902-ED4F-4B39-949D-8C590DCB2C48}.Release|x64.ActiveCfg = Release|x64
		{E069B902-ED4F-4B39-949D-8C590DCB2C48}.Release|x64.Build.0 = Release|x64
		{E069B902-ED4F-4B39-949D-8C590DCB2C48}.Release|x86.ActiveCfg = Release|Win32
		{E069B902-ED4F-4B39-949D-8C590DCB2C48}.Release|x86.Build.0 = Release|Win32
		{15F9D2F0-E1DF-496E-9251-5086F73E9E59}.Debug|x64.ActiveCfg = Debug|x64
		{15F9D2F0-E1DF-496E-9251-5086F73E9E59}.Debug|x64.Build.0 = Debug|x64
		{15F9D2F0-E1DF-496E-9251-5086F73E9E59}.Debug|x86.ActiveCfg = Debug|Win32
		{15F9D2F0-E1DF-496E-9251-5086F73E9E59}.Debug|x86.Build.0 = Debug|Win32
		{15F9D2F0-E1DF-496E-9251-5086F73E9E59}.Release|x64.ActiveCfg = Release|x64
		{15F9D2F0-E1DF-496E-9251-5086F73E9E59}.Release|x64.Build.0 = Release|x64
		{15F9D2F0-E1DF-496E-9251-5086F73E9E59}.Release|x86.ActiveCfg = Release|Win32
		{15F9D2F0-E1DF-496E-9251-5086F73E9E59}.Release|x86.Build.0 = Release|Win32
		{E134423A-1135-4C7E-85C7-7F76006C94D4}.Debug|x64.ActiveCfg = Debug|x64
		{E134423A-1135-4C7E-85C7-7F76006C94D4}.Debug|x64.Build.0 = Debug|x64
		{E134423A-1135-4C7E-85C7-7F76006C94D4}.Debug|x86.ActiveCfg = Debug|Win32
		{E134423A-1135-4C7E-85C7-7F76006C94D4}.Debug|x86.Build.0 = Debug|Win32
		{E134423A-1135-4C7E-85C7-7F76006C94D4}.Release|x64.ActiveCfg = Release|x64
		{E134423A-1135-4C7E-85C7-7F76006C94D4}.Release|x64.Build.0 = Release|x64
		{E134423A-1135-4C7E-85C7-7F76006C94D4}.Release|x86.ActiveCfg = Release|Win32
		{E134423A-1135-4C7E-85C7-7F76006C94D4}.Release|x86.Build.0 = Release|Win32
		{E827BDC8-9C73-404A-A0C3-0D42F59D14F0}.Debug|x64.ActiveCfg = Debug|x64
		{E827BDC8-9C73-404A-A0C3-0D42F59D14F0}.Debug|x64.Build.0 = Debug|x64
		{E827BDC8-9C73-404A-A0C3-0D42F59D14F0}.Debug|x86.ActiveCfg = Debug|Win32
		{E827BDC8-9C73-404A-A0C3-0D42F59D14F0}.Debug|x86.Build.0 = Debug|Win32
		{E827BDC8-9C73-404A-A0C3-0D42F59D14F0}.Release|x64.ActiveCfg = Release|x64
		{E827BDC8-9C73-404A-A0C3-0D42F59D14F0}.Release|x64.Build.0 = Release|x64
		{E827BDC8-9C73-404A-A0C3-0D42F59D14F0}.Release|x86.ActiveCfg = Release|Win32
		{E827BDC8-9C73-404A-A0C3-0D42F59D14F0}.Release|x86.Build.0 = Release|Win32
		{BA70784D-4585-4CED-9D73-46BC0640F78C}.Debug|x64.ActiveCfg = Debug|x64
		{BA70784D-4585-4CED-9D73-46BC0640F78C}.Debug|x64.Build.0 = Debug|x64
		{BA70784D-4585-4CED-9D73-46BC0640F78C}.Debug|x86.ActiveCfg = Debug|Win32
		{BA70784D-4585-4CED-9D73-46BC0640F78C}.Debug|x86.Build.0 = Debug|Win32
		{BA70784D-4585-4CED-9D73-46BC0640F78C}.Release|x64.ActiveCfg = Release|x64
		{BA70784D-4585-4CED-9D73-46BC0640F78C}.Release|x64.Build.0 = Release|x64
		{BA70784D-4585-4CED-9D73-46BC0640F78C}.Release|x86.ActiveCfg = Release|Win32
		{BA70784D-4585-4CED-9D73-46BC0640F78C}.Release|x86.Build.0 = Release|Win32
		{403850E2-CFDA-4EC8-B2D6-12C232585F7F}.Debug|x64.ActiveCfg = Debug|x64
		{403850E2-CFDA-4EC8-B2D6-12C232585F7F}.Debug|x64.Build.0 = Debug|x64
		{403850E2-CFDA-4EC8-B2D6-12C232585F7F}.Debug|x86.ActiveCfg = Debug|Win32
		{403850E2-CFDA-4EC8-B2D6-12C232585F7F}.Debug|x86.Build.0 = Debug|Win32
		{403850E2-CFDA-4EC8-B2D6-12C232585F7F}.Release|x64.ActiveCfg = Release|x64
		{403850E2-CFDA-4EC8-B2D6-12C232585F7F}.Release|x64.Build.0 = Release|x64
		{403850E2-CFDA-4EC8-B2D6-12C232585F7F}.Release|x86.ActiveCfg = Release|Win32
		{403850E2-CFDA-4EC8-B2D6-12C232585F7F}.Release|x86.Build.0 = Release|Win32
		{F86F13D6-9DB0-4811-A70E-47F3F0934F5C}.Debug|x64.ActiveCfg = Debug|x64
		{F86F13D6-9DB0-4811-A70E-47F3F0934F5C}.Debug|x64.Build.0 = Debug|x64
		{F86F13D6-9DB0-4811-A70E-47F3F0934F5C}.Debug|x86.ActiveCfg = Debug|Win32
		{F86F13D6-9DB0-4811-A70E-47F3F0934F5C}.Debug|x86.Build.0 = Debug|Win32
		{F86F13D6-9DB0-4811-A70E-47F3F0934F5C}.Release|x64.ActiveCfg = Release|x64
		{F86F13D6-9DB0-4811-A70E-47F3F0934F5C}.Release|x64.Build.0 = Release|x64
		{F86F13D6-9DB0-4811-A70E-47F3F0934F5C}.Release|x86.ActiveCfg = Release|Win32
		{F86F13D6-9DB0-4811-A70E-47F3F0934F5C}.Release|x86.Build.0 = Release|Win32
		{F6DFC00B-600A-4402-A58A-B80450912223}.Debug|x64.ActiveCfg = Debug|x64
		{F6DFC00B-600A-4402-A58A-B80450912223}.Debug|x64.Build.0 = Debug|x64
		{F6DFC00B-600A-4402-A58A-B80450912223}.Debug|x86.ActiveCfg = Debug|Win32
		{F6DFC00B-600A-4402-A58A-B80450912223}.Debug|x86.Build.0 = Debug|Win32
		{F6DFC00B-600A-4402-A58A-B80450912223}.Release|x64.ActiveCfg = Release|x64
		{F6DFC00B-600A-4402-A58A-B80450912223}.Release|x64.Build.0 = Release|x64
		{F6DFC00B-600A-4402-A58A-B80450912223}.Release|x86.ActiveCfg = Release|Win32
		{F6DFC00B-600A-4402-A58A-B80450912223}.Release|x86.Build.0 = Release|Win32
		{21E33733-87D7-4FB6-B188-29F57470CECF}.Debug|x64.ActiveCfg = Debug|x64
		{21E33733-87D7-4FB6-B188-29F57470CECF}.Debug|x64.Build.0 = Debug|x64
		{21E33733-87D7-4FB6-B188-29F57470CECF}.Debug|x86.ActiveCfg = Debug|Win32
		{21E33733-87D7-4FB6-B188-29F57470CECF}.Debug|x86.Build.0 = Debug|Win32
		{21E33733-87D7-4FB6-B188-29F57470CECF}.Release|x64.ActiveCfg = Release|x64
		{21E33733-87D7-4FB6-B188-29F57470CECF}.Release|x64.Build.0 = Release|x64
		{21E33733-87D7-4FB6-B188-29F57470CECF}.Release|x86.ActiveCfg = Release|Win32
		{21E33733-87D7-4FB6-B188-29F57470CECF}.Release|x86.Build.0 = Release|Win32
		{08E20502-9DEC-4AF3-891C-402C37DDC13B}.Debug|x64.ActiveCfg = Debug|x64
		{08E20502-9DEC-4AF3-891C-402C37DDC13B}.Debug|x64.Build.0 = Debug|x64
		{08E20502-9DEC-4AF3-891C-402C37DDC13B}.Debug|x86.ActiveCfg = Debug|Win32
		{08E20502-9DEC-4AF3-891C-402C37DDC13B}.Debug|x86.Build.0 = Debug|Win32
		{08E20502-9DEC-4AF3-891C-402C37DDC13B}.Release|x64.ActiveCfg = Release|x64
		{08E20502-9DEC-4AF3-891C-402C37DDC13B}.Release|x64.Build.0 = Release|x64
		{08E20502-9DEC-4AF3-891C-402C37DDC13B}.Release|x86.ActiveCfg = Release|Win32
		{08E20502-9DEC-4AF3-891C-402C37DDC13B}.Release|x86.Build.0 = Release|Win32
		{6B1A4439-3A41-49B4-A636-277F836B4F1B}.Debug|x64.ActiveCfg = Debug|x64
		{6B1A4439-3A41-49B4-A636-277F836B4F1B}.Debug|x64.Build.0 = Debug|x64
		{6B1A4439-3A41-49B4-A636-277F836B4F1B}.Debug|x86.ActiveCfg = Debug|Win32
		{6B1A4439-3A41-49B4-A636-277F836B4F1B}.Debug|x86.Build.0 = Debug|Win32
		{6B1A4439-3A41-49B4-A636-277F836B4F1B}.Release|x64.ActiveCfg = Release|x64
		{6B1A4439-3A41-49B4-A636-277F836B4F1B}.Release|x64.Build.0 = Release|x64
		{6B1A4439-3A41-49B4-A636-277F836B4F1B}.Release|x86.ActiveCfg = Release|Win32
		{6B1A4439-3A41-49B4-A636-277F836B4F1B}.Release|x86.Build.0 = Release|Win32
		{08509620-935B-4887-AC1C-0FF579444232}.Debug|x64.ActiveCfg = Debug|x64
		{08509620-935B-4887-AC1C-0FF579444232}.Debug|x64.Build.0 = Debug|x64
		{08509620-935B-4887-AC1C-0FF579444232}.Debug|x86.ActiveCfg = Debug|Win32
		{08509620-935B-4887-AC1C-0FF579444232}.Debug|x86.Build.0 = Debug|Win32
		{08509620-935B-4887-AC1C-0FF579444232}.Release|x64.ActiveCfg = Release|x64
		{08509620-935B-4887-AC1C-0FF579444232}.Release|x64.Build.0 = Release|x64
		{08509620-935B-4887-AC1C-0FF579444232}.Release|x86.ActiveCfg = Release|Win32
		{08509620-935B-4887-AC1C-0FF579444232}.Release|x86.Build.0 = Release|Win32
		{5CD224E0-BAFF-4190-A103-3E217439C47A}.Debug|x64.ActiveCfg = Debug|x64
		{5CD224E0-BAFF-4190-A103-3E217439C47A}.Debug|x64.Build.0 = Debug|x64
		{5CD224E0-BAFF-4190-A103-3E217439C47A}.Debug|x86.ActiveCfg = Debug|Win32
		{5CD224E0-BAFF-4190-A103-3E217439C47A}.Debug|x86.Build.0 = Debug|Win32
		{5CD224E0-BAFF-4190-A103-3E217439C47A}.Release|x64.ActiveCfg = Release|x64
		{5CD224E0-BAFF-4190-A103-3E217439C47A}.Release|x64.Build.0 = Release|x64
		{5CD224E0-BAFF-4190-A103-3E217439C47A}.Release|x86.ActiveCfg = Release|Win32
		{5CD224E0-BAFF-4190-A103-3E217439C47A}.Release|x86.Build.0 = Release|Win32
		{BBAA35AD-69C1-4EF8-B608-679613DF4732}.Debug|x64.ActiveCfg = Debug|x64
		{BBAA35AD-69C1-4EF8-B608-679613DF4732}.Debug|x64.Build.0 = Debug|x64
		{BBAA35AD-69C1-4EF8-B608-679613DF4732}.Debug|x86.ActiveCfg = Debug|Win32
		{BBAA35AD-69C1-4EF8-B608-679613DF4732}.Debug|x86.Build.0 = Debug|Win32
		{BBAA35AD-69C1-4EF8-B608-679613DF4732}.Release|x64.ActiveCfg = Release|x64
		{BBAA35AD-69C1-4EF8-B608-679613DF4732}.Release|x64.Build.0 = Release|x64
		{BBAA35AD-69C1-4EF8-B608-679613DF4732}.Release|x86.ActiveCfg = Release|Win32
		{BBAA35AD-69C1-4EF8-B608-679613DF4732}.Release|x86.Build.0 = Release|Win32
		{2C3A62CB-FB41-469B-961F-31F1630323F9}.Debug|x64.ActiveCfg = Debug|x64
		{2C3A62CB-FB41-469B-961F-31F1630323F9}.Debug|x64.Build.0 = Debug|x64
		{2C3A62CB-FB41-469B-961F-31F1630323F9}.Debug|x86.ActiveCfg = Debug|Win32
		{2C3A62CB-FB41-469B-961F-31F1630323F9}.Debug|x86.Build.0 = Debug|Win32
		{2C3A62CB-FB41-469B-961F-31F1630323F9}.Release|x64.ActiveCfg = Release|x64
		{2C3A62CB-FB41-469B-961F-31F1630323F9}.Release|x64.Build.0 = Release|x64
		{2C3A62CB-FB41-469B-961F-31F1630323F9}.Release|x86.ActiveCfg = Release|Win32
		{2C3A62CB-FB41-469B-961F-31F1630323F9}.Release|x86.Build.0 = Release|Win32
		{012642B5-A83A-4152-ADBE-0068939B6320}.Debug|x64.ActiveCfg = Debug|x64
		{012642B5-A83A-4152-ADBE-0068939B6320}.Debug|x64.Build.0 = Debug|x64
		{012642B5-A83A-4152-ADBE-0068939B6320}.Debug|x86.ActiveCfg = Debug|Win32
		{012642B5-A83A-4152-ADBE-0068939B6320}.Debug|x86.Build.0 = Debug|Win32
		{012642B5-A83A-4152-ADBE-0068939B6320}.Release|x64.ActiveCfg = Release|x64
		{012642B5-A83A-4152-ADBE-0068939B6320}.Release|x64.Build.0 = Release|x64
		{012642B5-A83A-4152-ADBE-0068939B6320}.Release|x86.ActiveCfg = Release|Win32
		{012642B5-A83A-4152-ADBE-0068939B6320}.Release|x86.Build.0 = Release|Win32
		{5B7D50C2-09D4-43B7-9E13-466B7F6AD19E}.Debug|x64.ActiveCfg = Debug|x64
		{5B7D50C2-09D4-43B7-9E13-466B7F6AD19E}.Debug|x64.Build.0 = Debug|x64
		{5B7D50C2-09D4-43B7-9E13-466B7F6AD19E}.Debug|x86.ActiveCfg = Debug|Win32
		{5B7D50C2-09D4-43B7-9E13-466B7F6AD19E}.Debug|x86.Build.0 = Debug|Win32
		{5B7D50C2-09D4-43B7-9E13-466B7F6AD19E}.Release|x64.ActiveCfg = Release|x64
		{5B7D50C2-09D4-43B7-9E13-466B7F6AD19E}.Release|x64.Build.0 = Release|x64
		{5B7D50C2-09D4-43B7-9E13-466B7F6AD19E}.Release|x86.ActiveCfg = Release|Win32
		{5B7D50C2-09D4-43B7-9E13-466B7F6AD19E}.Release|x86.Build.0 = Release|Win32
		{B0E6C17F-5BD1-40B7-8B60-624DD4694F6B}.Debug|x64.ActiveCfg = Debug|x64
		{B0E6C17F-5BD1-40B7-8B60-624DD4694F6B}.Debug|x64.Build.0 = Debug|x64
		{B0E6C17F-5BD1-40B7-8B60-624DD4694F6B}.Debug|x86.ActiveCfg = Debug|Win32
		{B0E6C17F-5BD1-40B7-8B60-624DD4694F6B}.Debug|x86.Build.0 = Debug|Win32
		{B0E6C17F-5BD1-40B7-8B60-624DD4694F6B}.Release|x64.ActiveCfg = Release|x64
		{B0E6C17F-5BD1-40B7-8B60-624DD4694F6B}.Release|x64.Build.0 = Release|x64
		{B0E6C17F-5BD1-40B7-8B60-624DD4694F6B}.Release|x86.ActiveCfg = Release|Win32
		{B0E6C17F-5BD1-40B7-8B60-624DD4694F6B}.Release|x86.Build.0 = Release|Win32
		{712CBDCD-0111-48AC-8C72-DB5C1ADEBBF0}.Debug|x64.ActiveCfg = Debug|x64
		{712CBDCD-0111-48AC-8C72-DB5C1ADEBBF0}.Debug|x64.Build.0 = Debug|x64
		{712CBDCD-0111-48AC-8C72-DB5C1ADEBBF0}.Debug|x86.ActiveCfg = Debug|Win32
		{712CBDCD-0111-48AC-8C72-DB5C1ADEBBF0}.Debug|x86.Build.0 = Debug|Win32
		{712CBDCD-0111-48AC-8C72-DB5C1ADEBBF0}.Release|x64.ActiveCfg = Release|x64
		{712CBDCD-0111-48AC-8C72-DB5C1ADEBBF0}.Release|x64.Build.0 = Release|x64
		{712CBDCD-0111-48AC-8C72-DB5C1ADEBBF0}.Release|x86.ActiveCfg = Release|Win32
		{712CBDCD-0111-48AC-8C72-DB5C1ADEBBF0}.Release|x86.Build.0 = Release|Win32
		{C92B018D-BD5F-4EC0-BC01-7C152F7494A1}.Debug|x64.ActiveCfg = Debug|x64
		{C92B018D-BD5F-4EC0-BC01-7C152F7494A1}.Debug|x64.Build.0 = Debug|x64
		{C92B018D-BD5F-4EC0-BC01-7C152F7494A1}.Debug|x86.ActiveCfg = Debug|Win32
		{C92B018D-BD5F-4EC0-BC01-7C152F7494A1}.Debug|x86.Build.0 = Debug|Win32
		{C92B018D-BD5F-4EC0-BC01-7C152F7494A1}.Release|x64.ActiveCfg = Release|x64
		{C92B018D-BD5F-4EC0-BC01-7C152F7494A1}.Release|x64.Build.0 = Release|x64
		{C92B018D-BD5F-4EC0-BC01-7C152F7494A1}.Release|x86.ActiveCfg = Release|Win32
		{C92B018D-BD5F-4EC0-BC01-7C152F7494A1}.Release|x86.Build.0 = Release|Win32
		{5AFC09C1-2BA9-4041-881A-E18EB049F12F}.Debug|x64.ActiveCfg = Debug|x64
		{5AFC09C1-2BA9-4041-881A-E18EB049F12F}.Debug|x64.Build.0 = Debug|x64
		{5AFC09C1-2BA9-4041-881A-E18EB049F12F}.Debug|x86.ActiveCfg = Debug|Win32
		{5AFC09C1-2BA9-4041-881A-E18EB049F12F}.Debug|x86.Build.0 = Debug|Win32
		{5AFC09C1-2BA9-4041-881A-E18EB049F12F}.Release|x64.ActiveCfg = Release|x64
		{5AFC09C1-2BA9-4041-881A-E18EB049F12F}.Release|x64.Build.0 = Release|x64
		{5AFC09C1-2BA9-4041-881A-E18EB049F12F}.Release|x86.ActiveCfg = Release|Win32
		{5AFC09C1-2BA9-4041-881A-E18EB049F12F}.Release|x86.Build.0 = Release|Win32
		{69F13D79-5685-4D7A-93F1-87C564548480}.Debug|x64.ActiveCfg = Debug|x64
		{69F13D79-5685-4D7A-93F1-87C564548480}.Debug|x64.Build.0 = Debug|x64
		{69F13D79-5685-4D7A-93F1-87C564548480}.Debug|x86.ActiveCfg = Debug|Win32
		{69F13D79-5685-4D7A-93F1-87C564548480}.Debug|x86.Build.0 = Debug|Win32
		{69F13D79-5685-4D7A-93F1-87C564548480}.Release|x64.ActiveCfg = Release|x64
		{69F13D79-5685-4D7A-93F1-87C564548480}.Release|x64.Build.0 = Release|x64
		{69F13D79-5685-4D7A-93F1-87C564548480}.Release|x86.ActiveCfg = Release|Win32
		{69F13D79-5685-4D7A-93F1-87C564548480}.Release|x86.Build.0 = Release|Win32
		{5701A229-519F-4BA5-A97E-ACA50A61C2CA}.Debug|x64.ActiveCfg = Debug|x64
		{5701A229-519F-4BA5-A97E-ACA50A61C2CA}.Debug|x64.Build.0 = Debug|x64
		{5701A229-519F-4BA5-A97E-ACA50A61C2CA}.Debug|x86.ActiveCfg = Debug|Win32
		{5701A229-519F-4BA5-A97E-ACA50A61C2CA}.Debug|x86.Build.0 = Debug|Win32
		{5701A229-519F-4BA5-A97E-ACA50A61C2CA}.Release|x64.ActiveCfg = Release|x64
		{5701A229-519F-4BA5-A97E-ACA50A61C2CA}.Release|x64.Build.0 = Release|x64
		{5701A229-519F-4BA5-A97E-ACA50A61C2CA}.Release|x86.ActiveCfg = Release|Win32
		{5701A229-519F-4BA5-A97E-ACA50A61C2CA}.Release|x86.Build.0 = Release|Win32
		{11530DE6-B101-4997-811D-731FA69ED2E5}.Debug|x64.ActiveCfg = Debug|x64
		{11530DE6-B101-4997-811D-731FA69ED2E5}.Debug|x64.Build.0 = Debug|x64
		{11530DE6-B101-4997-811D-731FA69ED2E5}.Debug|x86.ActiveCfg = Debug|Win32
		{11530DE6-B101-4997-811D-731FA69ED2E5}.Debug|x86.Build.0 = Debug|Win32
		{11530DE6-B101-4997-811D-731FA69ED2E5}.Release|x64.ActiveCfg = Release|x64
		{11530DE6-B101-4997-811D-731FA69ED2E5}.Release|x64.Build.0 = Release|x64
		{11530DE6-B101-4997-811D-731FA69ED2E5}.Release|x86.ActiveCfg = Release|Win32
		{11530DE6-B101-4997-811D-731FA69ED2E5}.Release|x86.Build.0 = Release|Win32
		{10B34BF7-EA15-49F8-BC96-81A2BB419C0F}.Debug|x64.ActiveCfg = Debug|x64
		{10B34BF7-EA15-49F8-BC96-81A2BB419C0F}.Debug|x64.Build.0 = Debug|x64
		{10B34BF7-EA15-49F8-BC96-81A2BB419C0F}.Debug|x86.ActiveCfg = Debug|Win32
		{10B34BF7-EA15-49F8-BC96-81A2BB419C0F}.Debug|x86.Build.0 = Debug|Win32
		{10B34BF7-EA15-49F8-BC96-81A2BB419C0F}.Release|x64.ActiveCfg = Release|x64
		{10B34BF7-EA15-49F8-BC96-81A2BB419C0F}.Release|x64.Build.0 = Release|x64
		{10B34BF7-EA15-49F8-BC96-81A2BB419C0F}.Release|x86.ActiveCfg = Release|Win32
		{10B34BF7-EA15-49F8-BC96-81A2BB419C0F}.Release|x86.Build.0 = Release|Win32
		{9A9BDD83-72E0-4111-B6C3-287864BDDC9E}.Debug|x64.ActiveCfg = Debug|x64
		{9A9BDD83-72E0-4111-B6C3-287864BDDC9E}.Debug|x64.Build.0 = Debug|x64
		{9A9BDD83-72E0-4111-B6C3-287864BDDC9E}.Debug|x86.ActiveCfg = Debug|Win32
		{9A9BDD83-72E0-4111-B6C3-287864BDDC9E}.Debug|x86.Build.0 = Debug|Win32
		{9A9BDD83-72E0-4111-B6C3-287864BDDC9E}.Release|x64.ActiveCfg = Release|x64
		{9A9BDD83-72E0-4111-B6C3-287864BDDC9E}.Release|x64.Build.0 = Release|x64
		{9A9BDD83-72E0-4111-B6C3-287864BDDC9E}.Release|x86.ActiveCfg = Release|Win32
		{9A9BDD83-72E0-4111-B6C3-287864BDDC9E}.Release|x86.Build.0 = Release|Win32
		{FA59C4BB-56A3-4971-B8A2-D1ED63860B98}.Debug|x64.ActiveCfg = Debug|x64
		{FA59C4BB-56A3-4971-B8A2-D1ED63860B98}.Debug|x64.Build.0 = Debug|x64
		{FA59C4BB-56A3-4971-B8A2-D1ED63860B98}.Debug|x86.ActiveCfg = Debug|Win32
		{FA59C4BB-56A3-4971-B8A2-D1ED63860B98}.Debug|x86.Build.0 = Debug|Win32
		{FA59C4BB-56A3-4971-B8A2-D1ED63860B98}.Release|x64.ActiveCfg = Release|x64
		{FA59C4BB-56A3-4971-B8A2-D1ED63860B98}.Release|x64.Build.0 = Release|x64
		{FA59C4BB-56A3-4971-B8A2-D1ED63860B98}.Release|x86.ActiveCfg = Release|Win32
		{FA59C4BB-56A3-4971-B8A2-D1ED63860B98}.Release|x86.Build.0 = Release|Win32
		{82E18E26-FCA9-4BB6-93C5-50AC218DFDB8}.Debug|x64.ActiveCfg = Debug|x64
		{82E18E26-FCA9-4BB6-93C5-50AC218DFDB8}.Debug|x64.Build.0 = Debug|x64
		{82E18E26-FCA9-4BB6-93C5-50AC218DFDB8}.Debug|x86.ActiveCfg = Debug|Win32
		{82E18E26-FCA9-4BB6-93C5-50AC218DFDB8}.Debug|x86.Build.0 = Debug|Win32
		{82E18E26-FCA9-4BB6-93C5-50AC218DFDB8}.Release|x64.ActiveCfg = Release|x64
		{82E18E26-FCA9-4BB6-93C5-50AC218DFDB8}.Release|x64.Build.0 = Release|x64
		{82E18E26-FCA9-4BB6-93C5-50AC218DFDB8}.Release|x86.ActiveCfg = Release|Win32
		{82E18E26-FCA9-4BB6-93C5-50AC218DFDB8}.Release|x86.Build.0 = Release|Win32
		{CA612CDE-AF29-44E6-B094-CDF72CD1DDD5}.Debug|x64.ActiveCfg = Debug|x64
		{CA612CDE-AF29-44E6-B094-CDF72CD1DDD5}.Debug|x64.Build.0 = Debug|x64
		{CA612CDE-AF29-44E6-B094-CDF72CD1DDD5}.Debug|x86.ActiveCfg = Debug|Win32
		{CA612CDE-AF29-44E6-B094-CDF72CD1DDD5}.Debug|x86.Build.0 = Debug|Win32
		{CA612CDE-AF29-44E6-B094-CDF72CD1DDD5}.Release|x64.ActiveCfg = Release|x64
		{CA612CDE-AF29-44E6-B094-CDF72CD1DDD5}.Release|x64.Build.0 = Release|x64
		{CA612CDE-AF29-44E6-B094-CDF72CD1DDD5}.Release|x86.ActiveCfg = Release|Win32
		{CA612CDE-AF29-44E6-B094-CDF72CD1DDD5}.Release|x86.Build.0 = Release|Win32
		{E760D4C7-D83C-4F09-A4FD-9759E1582EEB}.Debug|x64.ActiveCfg = Debug|x64
		{E760D4C7-D83C-4F09-A4FD-9759E1582EEB}.Debug|x64.Build.0 = Debug|x64
		{E760D4C7-D83C-4F09-A4FD-9759E1582EEB}.Debug|x86.ActiveCfg = Debug|Win32
		{E760D4C7-D83C-4F09-A4FD-9759E1582EEB}.Debug|x86.Build.0 = Debug|Win32
		{E760D4C7-D83C-4F09-A4FD-9759E1582EEB}.Release|x64.ActiveCfg = Release|x64
		{E760D4C7-D83C-4F09-A4FD-9759E1582EEB}.Release|x64.Build.0 = Release|x64
		{E760D4C7-D83C-4F09-A4FD-9759E1582EEB}.Release|x86.ActiveCfg = Release|Win32
		{E760D4C7-D83C-4F09-A4FD-9759E1582EEB}.Release|x86.Build.0 = Release|Win32
		{2BBA26CD-16F8-4B43-9639-BDE05A5E1A9B}.Debug|x64.ActiveCfg = Debug|x64
		{2BBA26CD-16F8-4B43-9639-BDE05A5E1A9B}.Debug|x64.Build.0 = Debug|x64
		{2BBA26CD-16F8-4B43-9639-BDE05A5E1A9B}.Debug|x86.ActiveCfg = Debug|Win32
		{2BBA26CD-16F8-4B43-9639-BDE05A5E1A9B}.Debug|x86.Build.0 = Debug|Win32
		{2BBA26CD-16F8-4B43-9639-BDE05A5E1A9B}.Release|x64.ActiveCfg = Release|x64
		{2BBA26CD-16F8-4B43-9639-BDE05A5E1A9B}.Release|x64.Build.0 = Release|x64
		{2BBA26CD-16F8-4B43-9639-BDE05A5E1A9B}.Release|x86.ActiveCfg = Release|Win32
		{2BBA26CD-16F8-4B43-9639-BDE05A5E1A9B}.Release|x86.Build.0 = Release|Win32
		{59C98D32-FEF0-46E8-BC9B-8CC6F11C2406}.Debug|x64.ActiveCfg = Debug|x64
		{59C98D32-FEF0-46E8-BC9B-8CC6F11C2406}.Debug|x64.Build.0 = Debug|x64
		{59C98D32-FEF0-46E8-BC9B-8CC6F11C2406}.Debug|x86.ActiveCfg = Debug|Win32
		{59C98D32-FEF0-46E8-BC9B-8CC6F11C2406}.Debug|x86.Build.0 = Debug|Win32
		{59C98D32-FEF0-46E8-BC9B-8CC6F11C2406}.Release|x64.ActiveCfg = Release|x64
		{59C98D32-FEF0-46E8-BC9B-8CC6F11C2406}.Release|x64.Build.0 = Release|x64
		{59C98D32-FEF0-46E8-BC9B-8CC6F11C2406}.Release|x86.ActiveCfg = Release|Win32
		{59C98D32-FEF0-46E8-BC9B-8CC6F11C2406}.Release|x86.Build.0 = Release|Win32
		{D53FF09E-DFAA-45CF-B26A-4E5839378277}.Debug|x64.ActiveCfg = Debug|x64
		{D53FF09E-DFAA-45CF-B26A-4E5839378277}.Debug|x64.Build.0 = Debug|x64
		{D53FF09E-DFAA-45CF-B26A-4E5839378277}.Debug|x86.ActiveCfg = Debug|Win32
		{D53FF09E-DFAA-45CF-B26A-4E5839378277}.Debug|x86.Build.0 = Debug|Win32
		{D53FF09E-DFAA-45CF-B26A-4E5839378277}.Release|x64.ActiveCfg = Release|x64
		{D53FF09E-DFAA-45CF-B26A-4E5839378277}.Release|x64.Build.0 = Release|x64
		{D53FF09E-DFAA-45CF-B26A-4E5839378277}.Release|x86.ActiveCfg = Release|Win32
		{D53FF09E-DFAA-45CF-B26A-4E5839378277}.Release|x86.Build.0 = Release|Win32
		{38832987-2059-4EE9-A0D4-5A22F61F9099}.Debug|x64.ActiveCfg = Debug|x64
		{38832987-2059-4EE9-A0D4-5A22F61F9099}.Debug|x64.Build.0 = Debug|x64
		{38832987-2059-4EE9-A0D4-5A22F61F9099}.Debug|x86.ActiveCfg = Debug|Win32
		{38832987-2059-4EE9-A0D4-5A22F61F9099}.Debug|x86.Build.0 = Debug|Win32
		{38832987-2059-4EE9-A0D4-5A22F61F9099}.Release|x64.ActiveCfg = Release|x64
		{38832987-2059-4EE9-A0D4-5A22F61F9099}.Release|x64.Build.0 = Release|x64
		{38832987-2059-4EE9-A0D4-5A22F61F9099}.Release|x86.ActiveCfg = Release|Win32
		{38832987-2059-4EE9-A0D4-5A22F61F9099}.Release|x86.Build.0 = Release|Win32
		{F514BDED-5B17-4543-AF49-580EFEC24DD6}.Debug|x64.ActiveCfg = Debug|x64
		{F514BDED-5B17-4543-AF49-580EFEC24DD6}.Debug|x64.Build.0 = Debug|x64
		{F514BDED-5B17-4543-AF49-580EFEC24DD6}.Debug|x86.ActiveCfg = Debug|Win32
		{F514BDED-5B17-4543-AF49-580EFEC24DD6}.Debug|x86.Build.0 = Debug|Win32
		{F514BDED-5B17-4543-AF49-580EFEC24DD6}.Release|x64.ActiveCfg = Release|x64
		{F514BDED-5B17-4543-AF49-580EFEC24DD6}.Release|x64.Build.0 = Release|x64
		{F514BDED-5B17-4543-AF49-580EFEC24DD6}.Release|x86.ActiveCfg = Release|Win32
		{F514BDED-5B17-4543-AF49-580EFEC24DD6}.Release|x86.Build.0 = Release|Win32
		{AA9D8959-412B-4FF6-B408-1608D214F518}.Debug|x64.ActiveCfg = Debug|x64
		{AA9D8959-412B-4FF6-B408-1608D214F518}.Debug|x64.Build.0 = Debug|x64
		{AA9D8959-412B-4FF6-B408-1608D214F518}.Debug|x86.ActiveCfg = Debug|Win32
		{AA9D8959-412B-4FF6-B408-1608D214F518}.Debug|x86.Build.0 = Debug|Win32
		{AA9D8959-412B-4FF6-B408-1608D214F518}.Release|x64.ActiveCfg = Release|x64
		{AA9D8959-412B-4FF6-B408-1608D214F518}.Release|x64.Build.0 = Release|x64
		{AA9D8959-412B-4FF6-B408-1608D214F518}.Release|x86.ActiveCfg = Release|Win32
		{AA9D8959-412B-4FF6-B408-1608D214F518}.Release|x86.Build.0 = Release|Win32
		{D9DAD4E5-7C59-49CD-B3DD-802D3F987759}.Debug|x64.ActiveCfg = Debug|x64
		{D9DAD4E5-7C59-49CD-B3DD-802D3F987759}.Debug|x64.Build.0 = Debug|x64
		{D9DAD4E5-7C59-49CD-B3DD-802D3F987759}.Debug|x86.ActiveCfg = Debug|Win32
		{D9DAD4E5-7C59-49CD-B3DD-802D3F987759}.Debug|x86.Build.0 = Debug|Win32
		{D9DAD4E5-7C59-49CD-B3DD-802D3F987759}.Release|x64.ActiveCfg = Release|x64
		{D9DAD4E5-7C59-49CD-B3DD-802D3F987759}.Release|x64.Build.0 = Release|x64
		{D9DAD4E5-7C59-49CD-B3DD-802D3F987759}.Release|x86.ActiveCfg = Release|Win32
		{D9DAD4E5-7C59-49CD-B3DD-802D3F987759}.Release|x86.Build.0 = Release|Win32
		{75E0D6EC-96A4-48CB-AB54-D5C4610430FE}.Debug|x64.ActiveCfg = Debug|x64
		{75E0D6EC-96A4-48CB-AB54-D5C4610430FE}.Debug|x64.Build.0 = Debug|x64
		{75E0D6EC-96A4-48CB-AB54-D5C4610430FE}.Debug|x86.ActiveCfg = Debug|Win32
		{75E0D6EC-96A4-48CB-AB54-D5C4610430FE}.Debug|x86.Build.0 = Debug|Win32
		{75E0D6EC-96A4-48CB-AB54-D5C4610430FE}.Release|x64.ActiveCfg = Release|x64
		{75E0D6EC-96A4-48CB-AB54-D5C4610430FE}.Release|x64.Build.0 = Release|x64
		{75E0D6EC-96A4-48CB-AB54-D5C4610430FE}.Release|x86.ActiveCfg = Release|Win32
		{75E0D6EC-96A4-48CB-AB54-D5C4610430FE}.Release|x86.Build.0 = Release|Win32
		{79D3B0C9-5540-4118-99D7-1C199E53E487}.Debug|x64.ActiveCfg = Debug|x64
		{79D3B0C9-5540-4118-99D7-1C199E53E487}.Debug|x64.Build.0 = Debug|x64
		{79D3B0C9-5540-4118-99D7-1C199E53E487}.Debug|x86.ActiveCfg = Debug|Win32
		{79D3B0C9-5540-4118-99D7-1C199E53E487}.Debug|x86.Build.0 = Debug|Win32
		{79D3B0C9-5540-4118-99D7-1C199E53E487}.Release|x64.ActiveCfg = Release|x64
		{79D3B0C9-5540-4118-99D7-1C199E53E487}.Release|x64.Build.0 = Release|x64
		{79D3B0C9-5540-4118-99D7-1C199E53E487}.Release|x86.ActiveCfg = Release|Win32
		{79D3B0C9-5540-4118-99D7-1C199E53E487}.Release|x86.Build.0 = Release|Win32
		{BD5B3ED7-BFD7-482C-8FE2-DA9AFF64D8DB}.Debug|x64.ActiveCfg = Debug|x64
		{BD5B3ED7-BFD7-482C-8FE2-DA9AFF64D8DB}.Debug|x64.Build.0 = Debug|x64
		{BD5B3ED7-BFD7-482C-8FE2-DA9AFF64D8DB}.Debug|x86.ActiveCfg = Debug|Win32
		{BD5B3ED7-BFD7-482C-8FE2-DA9AFF64D8DB}.Debug|x86.Build.0 = Debug|Win32
		{BD5B3ED7-BFD7-482C-8FE2-DA9AFF64D8DB}.Release|x64.ActiveCfg = Release|x64
		{BD5B3ED7-BFD7-482C-8FE2-DA9AFF64D8DB}.Release|x64.Build.0 = Release|x64
		{BD5B3ED7-BFD7-482C-8FE2-DA9AFF64D8DB}.Release|x86.ActiveCfg = Release|Win32
		{BD5B3ED7-BFD7-482C-8FE2-DA9AFF64D8DB}.Release|x86.Build.0 = Release|Win32
		{849B6361-717A-44E1-AB30-3EA6D8F14385}.Debug|x64.ActiveCfg = Debug|x64
		{849B6361-717A-44E1-AB30-3EA6D8F14385}.Debug|x64.Build.0 = Debug|x64
		{849B6361-717A-44E1-AB30-3EA6D8F14385}.Debug|x86.ActiveCfg = Debug|Win32
		{849B6361-717A-44E1-AB30-3EA6D8F14385}.Debug|x86.Build.0 = Debug|Win32
		{849B6361-717A-44E1-AB30-3EA6D8F14385}.Release|x64.ActiveCfg = Release|x64
		{849B6361-717A-44E1-AB30-3EA6D8F14385}.Release|x64.Build.0 = Release|x64
		{849B6361-717A-44E1-AB30-3EA6D8F14385}.Release|x86.ActiveCfg = Release|Win32
		{849B6361-717A-44E1-AB30-3EA6D8F14385}.Release|x86.Build.0 = Release|Win32
		{14C85D1F-B682-4908-9BB3-8EE9150C4241}.Debug|x64.ActiveCfg = Debug|x64
		{14C85D1F-B682-4908-9BB3-8EE9150C4241}.Debug|x64.Build.0 = Debug|x64
		{14C85D1F-B682-4908-9BB3-8EE9150C4241}.Debug|x86.ActiveCfg = Debug|Win32
		{14C85D1F-B682-4908-9BB3-8EE9150C4241}.Debug|x86.Build.0 = Debug|Win32
		{14C85D1F-B682-4908-9BB3-8EE9150C4241}.Release|x64.ActiveCfg = Release|x64
		{14C85D1F-B682-4908-9BB3-8EE9150C4241}.Release|x64.Build.0 = Release|x64
		{14C85D1F-B682-4908-9BB3-8EE9150C4241}.Release|x86.ActiveCfg = Release|Win32
		{14C85D1F-B682-4908-9BB3-8EE9150C4241}.Release|x86.Build.0 = Release|Win32
		{22BC08E4-6B0D-464C-911C-34CA7BEEA597}.Debug|x64.ActiveCfg = Debug|x64
		{22BC08E4-6B0D-464C-911C-34CA7BEEA597}.Debug|x64.Build.0 = Debug|x64
		{22BC08E4-6B0D-464C-911C-34CA7BEEA597}.Debug|x86.ActiveCfg = Debug|Win32
		{22BC08E4-6B0D-464C-911C-34CA7BEEA597}.Debug|x86.Build.0 = Debug|Win32
		{22BC08E4-6B0D-464C-911C-34CA7BEEA597}.Release|x64.ActiveCfg = Release|x64
		{22BC08E4-6B0D-464C-911C-34CA7BEEA597}.Release|x64.Build.0 = Release|x64
		{22BC08E4-6B0D-464C-911C-34CA7BEEA597}.Release|x86.ActiveCfg = Release|Win32
		{22BC08E4-6B0D-464C-911C-34CA7BEEA597}.Release|x86.Build.0 = Release|Win32
		{E157078A-F35A-4501-97D5-05B711CD064C}.Debug|x64.ActiveCfg = Debug|x64
		{E157078A-F35A-4501-97D5-05B711CD064C}.Debug|x64.Build.0 = Debug|x64
		{E157078A-F35A-4501-97D5-05B711CD064C}.Debug|x86.ActiveCfg = Debug|Win32
		{E157078A-F35A-4501-97D5-05B711CD064C}.Debug|x86.Build.0 = Debug|Win32
		{E157078A-F35A-4501-97D5-05B711CD064C}.Release|x64.ActiveCfg = Release|x64
		{E157078A-F35A-4501-97D5-05B711CD064C}.Release|x64.Build.0 = Release|x64
		{E157078A-F35A-4501-97D5-05B711CD064C}.Release|x86.ActiveCfg = Release|Win32
		{E157078A-F35A-4501-97D5-05B711CD064C}.Release|x86.Build.0 = Release|Win32
		{5461CC22-FA50-45B6-83F5-4A9628133B7E}.Debug|x64.ActiveCfg = Debug|x64
		{5461CC22-FA50-45B6-83F5-4A9628133B7E}.Debug|x64.Build.0 = Debug|x64
		{5461CC22-FA50-45B6-83F5-4A9628133B7E}.Debug|x86.ActiveCfg = Debug|Win32
		{5461CC22-FA50-45B6-83F5-4A9628133B7E}.Debug|x86.Build.0 = Debug|Win32
		{5461CC22-FA50-45B6-83F5-4A9628133B7E}.Release|x64.ActiveCfg = Release|x64
		{5461CC22-FA50-45B6-83F5-4A9628133B7E}.Release|x64.Build.0 = Release|x64
		{5461CC22-FA50-45B6-83F5-4A9628133B7E}.Release|x86.ActiveCfg = Release|Win32
		{5461CC22-FA50-45B6-83F5-4A9628133B7E}.Release|x86.Build.0 = Release|Win32
		{09B8A71D-796A-4E82-AA5D-848EE0BB746F}.Debug|x64.ActiveCfg = Debug|x64
		{09B8A71D-796A-4E82-AA5D-848EE0BB746F}.Debug|x64.Build.0 = Debug|x64
		{09B8A71D-796A-4E82-AA5D-848EE0BB746F}.Debug|x86.ActiveCfg = Debug|Win32
		{09B8A71D-796A-4E82-AA5D-848EE0BB746F}.Debug|x86.Build.0 = Debug|Win32
		{09B8A71D-796A-4E82-AA5D-848EE0BB746F}.Release|x64.ActiveCfg = Release|x64
		{09B8A71D-796A-4E82-AA5D-848EE0BB746F}.Release|x64.Build.0 = Release|x64
		{09B8A71D-796A-4E82-AA5D-848EE0BB746F}.Release|x86.ActiveCfg = Release|Win32
		{09B8A71D-796A-4E82-AA5D-848EE0BB746F}.Release|x86.Build.0 = Release|Win32
		{9FC45C17-61A0-4468-B48D-81731F2D009C}.Debug|x64.ActiveCfg = Debug|x64
		{9FC45C17-61A0-4468-B48D-81731F2D009C}.Debug|x64.Build.0 = Debug|x64
		{9FC45C17-61A0-4468-B48D-81731F2D009C}.Debug|x86.ActiveCfg = Debug|Win32
		{9FC45C17-61A0-4468-B48D-81731F2D009C}.Debug|x86.Build.0 = Debug|Win32
		{9FC45C17-61A0-4468-B48D-81731F2D009C}.Release|x64.ActiveCfg = Release|x64
		{9FC45C17-61A0-4468-B48D-81731F2D009C}.Release|x64.Build.0 = Release|x64
		{9FC45C17-61A0-4468-B48D-81731F2D009C}.Release|x86.ActiveCfg = Release|Win32
		{9FC45C17-61A0-4468-B48D-81731F2D009C}.Release|x86.Build.0 = Release|Win32
		{7A554123-CE84-4968-A69F-14EB9AD68360}.Debug|x64.ActiveCfg = Debug|x64
		{7A554123-CE84-4968-A69F-14EB9AD68360}.Debug|x64.Build.0 = Debug|x64
		{7A554123-CE84-4968-A69F-14EB9AD68360}.Debug|x86.ActiveCfg = Debug|Win32
		{7A554123-CE84-4968-A69F-14EB9AD68360}.Debug|x86.Build.0 = Debug|Win32
		{7A554123-CE84-4968-A69F-14EB9AD68360}.Release|x64.ActiveCfg = Release|x64
		{7A554123-CE84-4968-A69F-14EB9AD68360}.Release|x64.Build.0 = Release|x64
		{7A554123-CE84-4968-A69F-14EB9AD68360}.Release|x86.ActiveCfg = Release|Win32
		{7A554123-CE84-4968-A69F-14EB9AD68360}.Release|x86.Build.0 = Release|Win32
		{1CB8C83D-CF41-40CF-9E3C-EFE9AC8B18D2}.Debug|x64.ActiveCfg = Debug|x64
		{1CB8C83D-CF41-40CF-9E3C-EFE9AC8B18D2}.Debug|x64.Build.0 = Debug|x64
		{1CB8C83D-CF41-40CF-9E3C-EFE9AC8B18D2}.Debug|x86.ActiveCfg = Debug|Win32
		{1CB8C83D-CF41-40CF-9E3C-EFE9AC8B18D2}.Debug|x86.Build.0 = Debug|Win32
		{1CB8C83D-CF41-40CF-9E3C-EFE9AC8B18D2}.Release|x64.ActiveCfg = Release|x64
		{1CB8C83D-CF41-40CF-9E3C-EFE9AC8B18D2}.Release|x64.Build.0 = Release|x64
		{1CB8C83D-CF41-40CF-9E3C-EFE9AC8B18D2}.Release|x86.ActiveCfg = Release|Win32
		{1CB8C83D-CF41-40CF-9E3C-EFE9AC8B18D2}.Release|x86.Build.0 = Release|Win32
		{B28DF508-ABB6-4A2F-BD02-8C423DB8FF43}.Debug|x64.ActiveCfg = Debug|x64
		{B28DF508-ABB6-4A2F-BD02-8C423DB8FF43}.Debug|x64.Build.0 = Debug|x64
		{B28DF508-ABB6-4A2F-BD02-8C423DB8FF43}.Debug|x86.ActiveCfg = Debug|Win32
		{B28DF508-ABB6-4A2F-BD02-8C423DB8FF43}.Debug|x86.Build.0 = Debug|Win32
		{B28DF508-ABB6-4A2F-BD02-8C423DB8FF43}.Release|x64.ActiveCfg = Release|x64
		{B28DF508-ABB6-4A2F-BD02-8C423DB8FF43}.Release|x64.Build.0 = Release|x64
		{B28DF508-ABB6-4A2F-BD02-8C423DB8FF43}.Release|x86.ActiveCfg = Release|Win32
		{B28DF508-ABB6-4A2F-BD02-8C423DB8FF43}.Release|x86.Build.0 = Release|Win32
		{4D76295D-762D-42A2-B4FC-99B1148CC2A8}.Debug|x64.ActiveCfg = Debug|x64
		{4D76295D-762D-42A2-B4FC-99B1148CC2A8}.Debug|x64.Build.0 = Debug|x64
		{4D76295D-762D-42A2-B4FC-99B1148CC2A8}.Debug|x86.ActiveCfg = Debug|Win32
		{4D76295D-762D-42A2-B4FC-99B1148CC2A8}.Debug|x86.Build.0 = Debug|Win32
		{4D76295D-762D-42A2-B4FC-99B1148CC2A8}.Release|x64.ActiveCfg = Release|x64
		{4D76295D-762D-42A2-B4FC-99B1148CC2A8}.Release|x64.Build.0 = Release|x64
		{4D76295D-762D-42A2-B4FC-99B1148CC2A8}.Release|x86.ActiveCfg = Release|Win32
		{4D76295D-762D-42A2-B4FC-99B1148CC2A8}.Release|x86.Build.0 = Release|Win32
		{BA2FD1AA-8144-4805-B7F1-1DC89E760BAF}.Debug|x64.ActiveCfg = Debug|x64
		{BA2FD1AA-8144-4805-B7F1-1DC89E760BAF}.Debug|x64.Build.0 = Debug|x64
		{BA2FD1AA-8144-4805-B7F1-1DC89E760BAF}.Debug|x86.ActiveCfg = Debug|Win32
		{BA2FD1AA-8144-4805-B7F1-1DC89E760BAF}.Debug|x86.Build.0 = Debug|Win32
		{BA2FD1AA-8144-4805-B7F1-1DC89E760BAF}.Release|x64.ActiveCfg = Release|x64
		{BA2FD1AA-8144-4805-B7F1-1DC89E760BAF}.Release|x64.Build.0 = Release|x64
		{BA2FD1AA-8144-4805-B7F1-1DC89E760BAF}.Release|x86.ActiveCfg = Release|Win32
		{BA2FD1AA-8144-4805-B7F1-1DC89E760BAF}.Release|x86.Build.0 = Release|Win32
		{E535CE63-5606-4967-9EC1-4B1CF2BDB3E8}.Debug|x64.ActiveCfg = Debug|x64
		{E535CE63-5606-4967-9EC1-4B1CF2BDB3E8}.Debug|x64.Build.0 = Debug|x64
		{E535CE63-5606-4967-9EC1-4B1CF2BDB3E8}.Debug|x86.ActiveCfg = Debug|Win32
		{E535CE63-5606-4967-9EC1-4B1CF2BDB3E8}.Debug|x86.Build.0 = Debug|Win32
		{E535CE63-5606-4967-9EC1-4B1CF2BDB3E8}.Release|x64.ActiveCfg = Release|x64
		{E535CE63-5606-4967-9EC1-4B1CF2BDB3E8}.Release|x64.Build.0 = Release|x64
		{E535CE63-5606-4967-9EC1-4B1CF2BDB3E8}.Release|x86.ActiveCfg = Release|Win32
		{E535CE63-5606-4967-9EC1-4B1CF2BDB3E8}.Release|x86.Build.0 = Release|Win32
		{EDDC20F9-011A-4F29-A8DF-04871AB417C4}.Debug|x64.ActiveCfg = Debug|x64
		{EDDC20F9-011A-4F29-A8DF-04871AB417C4}.Debug|x64.Build.0 = Debug|x64
		{EDDC20F9-011A-4F29-A8DF-04871AB417C4}.Debug|x86.ActiveCfg = Debug|Win32
		{EDDC20F9-011A-4F29-A8DF-04871AB417C4}.Debug|x86.Build.0 = Debug|Win32
		{EDDC20F9-011A-4F29-A8DF-04871AB417C4}.Release|x64.ActiveCfg = Release|x64
		{EDDC20F9-011A-4F29-A8DF-04871AB417C4}.Release|x64.Build.0 = Release|x64
		{EDDC20F9-011A-4F29-A8DF-04871AB417C4}.Release|x86.ActiveCfg = Release|Win32
		{EDDC20F9-011A-4F29-A8DF-04871AB417C4}.Release|x86.Build.0 = Release|Win32
		{DC20B879-D700-49E3-BAA8-09CB470F18FB}.Debug|x64.ActiveCfg = Debug|x64
		{DC20B879-D700-49E3-BAA8-09CB470F18FB}.Debug|x64.Build.0 = Debug|x64
		{DC20B879-D700-49E3-BAA8-09CB470F18FB}.Debug|x86.ActiveCfg = Debug|Win32
		{DC20B879-D700-49E3-BAA8-09CB470F18FB}.Debug|x86.Build.0 = Debug|Win32
		{DC20B879-D700-49E3-BAA8-09CB470F18FB}.Release|x64.ActiveCfg = Release|x64
		{DC20B879-D700-49E3-BAA8-09CB470F18FB}.Release|x64.Build.0 = Release|x64
		{DC20B879-D700-49E3-BAA8-09CB470F18FB}.Release|x86.ActiveCfg = Release|Win32
		{DC20B879-D700-49E3-BAA8-09CB470F18FB}.Release|x86.Build.0 = Release|Win32
		{417B62E3-F913-4FF8-A7F8-E53463700D55}.Debug|x64.ActiveCfg = Debug|x64
		{417B62E3-F913-4FF8-A7F8-E53463700D55}.Debug|x64.Build.0 = Debug|x64
		{417B62E3-F913-4FF8-A7F8-E53463700D55}.Debug|x86.ActiveCfg = Debug|Win32
		{417B62E3-F913-4FF8-A7F8-E53463700D55}.Debug|x86.Build.0 = Debug|Win32
		{417B62E3-F913-4FF8-A7F8-E53463700D55}.Release|x64.ActiveCfg = Release|x64
		{417B62E3-F913-4FF8-A7F8-E53463700D55}.Release|x64.Build.0 = Release|x64
		{417B62E3-F913-4FF8-A7F8-E53463700D55}.Release|x86.ActiveCfg = Release|Win32
		{417B62E3-F913-4FF8-A7F8-E53463700D55}.Release|x86.Build.0 = Release|Win32
		{63D01EC0-CEBA-4FE4-8893-BDAB12D0B91E}.Debug|x64.ActiveCfg = Debug|x64
		{63D01EC0-CEBA-4FE4-8893-BDAB12D0B91E}.Debug|x64.Build.0 = Debug|x64
		{63D01EC0-CEBA-4FE4-8893-BDAB12D0B91E}.Debug|x86.ActiveCfg = Debug|Win32
		{63D01EC0-CEBA-4FE4-8893-BDAB12D0B91E}.Debug|x86.Build.0 = Debug|Win32
		{63D01EC0-CEBA-4FE4-8893-BDAB12D0B91E}.Release|x64.ActiveCfg = Release|x64
		{63D01EC0-CEBA-4FE4-8893-BDAB12D0B91E}.Release|x64.Build.0 = Release|x64
		{63D01EC0-CEBA-4FE4-8893-BDAB12D0B91E}.Release|x86.ActiveCfg = Release|Win32
		{63D01EC0-CEBA-4FE4-8893-BDAB12D0B91E}.Release|x86.Build.0 = Release|Win32
		{6E2539D6-C8A1-40EF-B6AC-AC13ED98F075}.Debug|x64.ActiveCfg = Debug|x64
		{6E2539D6-C8A1-40EF-B6AC-AC13ED98F075}.Debug|x64.Build.0 = Debug|x64
		{6E2539D6-C8A1-40EF-B6AC-AC13ED98F075}.Debug|x86.ActiveCfg = Debug|Win32
		{6E2539D6-C8A1-40EF-B6AC-AC13ED98F075}.Debug|x86.Build.0 = Debug|Win32
		{6E2539D6-C8A1-40EF-B6AC-AC13ED98F075}.Release|x64.ActiveCfg = Release|x64
		{6E2539D6-C8A1-40EF-B6AC-AC13ED98F075}.Release|x64.Build.0 = Release|x64
		{6E2539D6-C8A1-40EF-B6AC-AC13ED98F075}.Release|x86.ActiveCfg = Release|Win32
		{6E2539D6-C8A1-40EF-B6AC-AC13ED98F075}.Release|x86.Build.0 = Release|Win32
		{CC438104-DFFC-413D-B50E-AC07F2DAC54A}.Debug|x64.ActiveCfg = Debug|x64
		{CC438104-DFFC-413D-B50E-AC07F2DAC54A}.Debug|x64.Build.0 = Debug|x64
		{CC438104-DFFC-413D-B50E-AC07F2DAC54A}.Debug|x86.ActiveCfg = Debug|Win32
		{CC438104-DFFC-413D-B50E-AC07F2DAC54A}.Debug|x86.Build.0 = Debug|Win32
		{CC438104-DFFC-413D-B50E-AC07F2DAC54A}.Release|x64.ActiveCfg = Release|x64
		{CC438104-DFFC-413D-B50E-AC07F2DAC54A}.Release|x64.Build.0 = Release|x64
		{CC438104-DFFC-413D-B50E-AC07F2DAC54A}.Release|x86.ActiveCfg = Release|Win32
		{CC438104-DFFC-413D-B50E-AC07F2DAC54A}.Release|x86.Build.0 = Release|Win32
		{A1030081-50F2-4D29-9515-909CE1A3A86C}.Debug|x64.ActiveCfg = Debug|x64
		{A1030081-50F2-4D29-9515-909CE1A3A86C}.Debug|x64.Build.0 = Debug|x64
		{A1030081-50F2-4D29-9515-909CE1A3A86C}.Debug|x86.ActiveCfg = Debug|Win32
		{A1030081-50F2-4D29-9515-909CE1A3A86C}.Debug|x86.Build.0 = Debug|Win32
		{A1030081-50F2-4D29-9515-909CE1A3A86C}.Release|x64.ActiveCfg = Release|x64
		{A1030081-50F2-4D29-9515-909CE1A3A86C}.Release|x64.Build.0 = Release|x64
		{A1030081-50F2-4D29-9515-909CE1A3A86C}.Release|x86.ActiveCfg = Release|Win32
		{A1030081-50F2-4D29-9515-909CE1A3A86C}.Release|x86.Build.0 = Release|Win32
		{063BDB68-C6F6-44C8-A061-AC9ECA9A9C4A}.Debug|x64.ActiveCfg = Debug|x64
		{063BDB68-C6F6-44C8-A061-AC9ECA9A9C4A}.Debug|x64.Build.0 = Debug|x64
		{063BDB68-C6F6-44C8-A061-AC9ECA9A9C4A}.Debug|x86.ActiveCfg = Debug|Win32
		{063BDB68-C6F6-44C8-A061-AC9ECA9A9C4A}.Debug|x86.Build.0 = Debug|Win32
		{063BDB68-C6F6-44C8-A061-AC9ECA9A9C4A}.Release|x64.ActiveCfg = Release|x64
		{063BDB68-C6F6-44C8-A061-AC9ECA9A9C4A}.Release|x64.Build.0 = Release|x64
		{063BDB68-C6F6-44C8-A061-AC9ECA9A9C4A}.Release|x86.ActiveCfg = Release|Win32
		{063BDB68-C6F6-44C8-A061-AC9ECA9A9C4A}.Release|x86.Build.0 = Release|Win32
		{76403777-65D5-4B6E-B321-B90848B0AE01}.Debug|x64.ActiveCfg = Debug|x64
		{76403777-65D5-4B6E-B321-B90848B0AE01}.Debug|x64.Build.0 = Debug|x64
		{76403777-65D5-4B6E-B321-B90848B0AE01}.Debug|x86.ActiveCfg = Debug|Win32
		{76403777-65D5-4B6E-B321-B90848B0AE01}.Debug|x86.Build.0 = Debug|Win32
		{76403777-65D5-4B6E-B321-B90848B0AE01}.Release|x64.ActiveCfg = Release|x64
		{76403777-65D5-4B6E-B321-B90848B0AE01}.Release|x64.Build.0 = Release|x64
		{76403777-65D5-4B6E-B321-B90848B0AE01}.Release|x86.ActiveCfg = Release|Win32
		{76403777-65D5-4B6E-B321-B90848B0AE01}.Release|x86.Build.0 = Release|Win32
		{CA025450-E95C-47F5-AA89-52D8D61BB31B}.Debug|x64.ActiveCfg = Debug|x64
		{CA025450-E95C-47F5-AA89-52D8D61BB31B}.Debug|x64.Build.0 = Debug|x64
		{CA025450-E95C-47F5-AA89-52D8D61BB31B}.Debug|x86.ActiveCfg = Debug|Win32
		{CA025450-E95C-47F5-AA89-52D8D61BB31B}.Debug|x86.Build.0 = Debug|Win32
		{CA025450-E95C-47F5-AA89-52D8D61BB31B}.Release|x64.ActiveCfg = Release|x64
		{CA025450-E95C-47F5-AA89-52D8D61BB31B}.Release|x64.Build.0 = Release|x64
		{CA025450-E95C-47F5-AA89-52D8D61BB31B}.Release|x86.ActiveCfg = Release|Win32
		{CA025450-E95C-47F5-AA89-52D8D61BB31B}.Release|x86.Build.0 = Release|Win32
		{958AF33D-ADBA-442A-8409-878AB9460DD6}.Debug|x64.ActiveCfg = Debug|x64
		{958AF33D-ADBA-442A-8409-878AB9460DD6}.Debug|x64.Build.0 = Debug|x64
		{958AF33D-ADBA-442A-8409-878AB9460DD6}.Debug|x86.ActiveCfg = Debug|Win32
		{958AF33D-ADBA-442A-8409-878AB9460DD6}.Debug|x86.Build.0 = Debug|Win32
		{958AF33D-ADBA-442A-8409-878AB9460DD6}.Release|x64.ActiveCfg = Release|x64
		{958AF33D-ADBA-442A-8409-878AB9460DD6}.Release|x64.Build.0 = Release|x64
		{958AF33D-ADBA-442A-8409-878AB9460DD6}.Release|x86.ActiveCfg = Release|Win32
		{958AF33D-ADBA-442A-8409-878AB9460DD6}.Release|x86.Build.0 = Release|Win32
		{5C62AFFC-EC82-4D65-A098-8E36E6BDC6A8}.Debug|x64.ActiveCfg = Debug|x64
		{5C62AFFC-EC82-4D65-A098-8E36E6BDC6A8}.Debug|x64.Build.0 = Debug|x64
		{5C62AFFC-EC82-4D65-A098-8E36E6BDC6A8}.Debug|x86.ActiveCfg = Debug|Win32
		{5C62AFFC-EC82-4D65-A098-8E36E6BDC6A8}.Debug|x86.Build.0 = Debug|Win32
		{5C62AFFC-EC82-4D65-A098-8E36E6BDC6A8}.Release|x64.ActiveCfg = Release|x64
		{5C62AFFC-EC82-4D65-A098-8E36E6BDC6A8}.Release|x64.Build.0 = Release|x64
		{5C62AFFC-EC82-4D65-A098-8E36E6BDC6A8}.Release|x86.ActiveCfg = Release|Win32
		{5C62AFFC-EC82-4D65-A098-8E36E6BDC6A8}.Release|x86.Build.0 = Release|Win32
		{E1FD17D9-B673-4EAC-B8E3-52EBEF939DC3}.Debug|x64.ActiveCfg = Debug|x64
		{E1FD17D9-B673-4EAC-B8E3-52EBEF939DC3}.Debug|x64.Build.0 = Debug|x64
		{E1FD17D9-B673-4EAC-B8E3-52EBEF939DC3}.Debug|x86.ActiveCfg = Debug|Win32
		{E1FD17D9-B673-4EAC-B8E3-52EBEF939DC3}.Debug|x86.Build.0 = Debug|Win32
		{E1FD17D9-B673-4EAC-B8E3-52EBEF939DC3}.Release|x64.ActiveCfg = Release|x64
		{E1FD17D9-B673-4EAC-B8E3-52EBEF939DC3}.Release|x64.Build.0 = Release|x64
		{E1FD17D9-B673-4EAC-B8E3-52EBEF939DC3}.Release|x86.ActiveCfg = Release|Win32
		{E1FD17D9-B673-4EAC-B8E3-52EBEF939DC3}.Release|x86.Build.0 = Release|Win32
		{EF14B164-5271-43F8-BD21-6ECCCB88A448}.Debug|x64.ActiveCfg = Debug|x64
		{EF14B164-5271-43F8-BD21-6ECCCB88A448}.Debug|x64.Build.0 = Debug|x64
		{EF14B164-5271-43F8-BD21-6ECCCB88A448}.Debug|x86.ActiveCfg = Debug|Win32
		{EF14B164-5271-43F8-BD21-6ECCCB88A448}.Debug|x86.Build.0 = Debug|Win32
		{EF14B164-5271-43F8-BD21-6ECCCB88A448}.Release|x64.ActiveCfg = Release|x64
		{EF14B164-5271-43F8-BD21-6ECCCB88A448}.Release|x64.Build.0 = Release|x64
		{EF14B164-5271-43F8-BD21-6ECCCB88A448}.Release|x86.ActiveCfg = Release|Win32
		{EF14B164-5271-43F8-BD21-6ECCCB88A448}.Release|x86.Build.0 = Release|Win32
		{45B9A071-754E-4772-9ADD-BF1F400ADBD9}.Debug|x64.ActiveCfg = Debug|x64
		{45B9A071-754E-4772-9ADD-BF1F400ADBD9}.Debug|x64.Build.0 = Debug|x64
		{45B9A071-754E-4772-9ADD-BF1F400ADBD9}.Debug|x86.ActiveCfg = Debug|Win32
		{45B9A071-754E-4772-9ADD-BF1F400ADBD9}.Debug|x86.Build.0 = Debug|Win32
		{45B9A071-754E-4772-9ADD-BF1F400ADBD9}.Release|x64.ActiveCfg = Release|x64
		{45B9A071-754E-4772-9ADD-BF1F400ADBD9}.Release|x64.Build.0 = Release|x64
		{45B9A071-754E-4772-9ADD-BF1F400ADBD9}.Release|x86.ActiveCfg = Release|Win32
		{45B9A071-754E-4772-9ADD-BF1F400ADBD9}.Release|x86.Build.0 = Release|Win32
		{4D3722BC-B35E-4022-A04A-A6821F7F6680}.Debug|x64.ActiveCfg = Debug|x64
		{4D3722BC-B35E-4022-A04A-A6821F7F6680}.Debug|x64.Build.0 = Debug|x64
		{4D3722BC-B35E-4022-A04A-A6821F7F6680}.Debug|x86.ActiveCfg = Debug|Win32
		{4D3722BC-B35E-4022-A04A-A6821F7F6680}.Debug|x86.Build.0 = Debug|Win32
		{4D3722BC-B35E-4022-A04A-A6821F7F6680}.Release|x64.ActiveCfg = Release|x64
		{4D3722BC-B35E-4022-A04A-A6821F7F6680}.Release|x64.Build.0 = Release|x64
		{4D3722BC-B35E-4022-A04A-A6821F7F6680}.Release|x86.ActiveCfg = Release|Win32
		{4D3722BC-B35E-4022-A04A-A6821F7F6680}.Release|x86.Build.0 = Release|Win32
		{9E22E03F-0F27-42BD-B251-A916F9DF4221}.Debug|x64.ActiveCfg = Debug|x64
		{9E22E03F-0F27-42BD-B251-A916F9DF4221}.Debug|x64.Build.0 = Debug|x64
		{9E22E03F-0F27-42BD-B251-A916F9DF4221}.Debug|x86.ActiveCfg = Debug|Win32
		{9E22E03F-0F27-42BD-B251-A916F9DF4221}.Debug|x86.Build.0 = Debug|Win32
		{9E22E03F-0F27-42BD-B251-A916F9DF4221}.Release|x64.ActiveCfg = Release|x64
		{9E22E03F-0F27-42BD-B251-A916F9DF4221}.Release|x64.Build.0 = Release|x64
		{9E22E03F-0F27-42BD-B251-A916F9DF4221}.Release|x86.ActiveCfg = Release|Win32
		{9E22E03F-0F27-42BD-B251-A916F9DF4221}.Release|x86.Build.0 = Release|Win32
		{BD282550-E5FE-4A23-9B2F-B77D1F756C25}.Debug|x64.ActiveCfg = Debug|x64
		{BD282550-E5FE-4A23-9B2F-B77D1F756C25}.Debug|x64.Build.0 = Debug|x64
		{BD282550-E5FE-4A23-9B2F-B77D1F756C25}.Debug|x86.ActiveCfg = Debug|Win32
		{BD282550-E5FE-4A23-9B2F-B77D1F756C25}.Debug|x86.Build.0 = Debug|Win32
		{BD282550-E5FE-4A23-9B2F-B77D1F756C25}.Release|x64.ActiveCfg = Release|x64
		{BD282550-E5FE-4A23-9B2F-B77D1F756C25}.Release|x64.Build.0 = Release|x64
		{BD282550-E5FE-4A23-9B2F-B77D1F756C25}.Release|x86.ActiveCfg = Release|Win32
		{BD282550-E5FE-4A23-9B2F-B77D1F756C25}.Release|x86.Build.0 = Release|Win32
		{F14BE5A6-4E1B-43AA-9FC6-8E2D9556A116}.Debug|x64.ActiveCfg = Debug|x64
		{F14BE5A6-4E1B-43AA-9FC6-8E2D9556A116}.Debug|x64.Build.0 = Debug|x64
		{F14BE5A6-4E1B-43AA-9FC6-8E2D9556A116}.Debug|x86.ActiveCfg = Debug|Win32
		{F14BE5A6-4E1B-43AA-9FC6-8E2D9556A116}.Debug|x86.Build.0 = Debug|Win32
		{F14BE5A6-4E1B-43AA-9FC6-8E2D9556A116}.Release|x64.ActiveCfg = Release|x64
		{F14BE5A6-4E1B-43AA-9FC6-8E2D9556A116}.Release|x64.Build.0 = Release|x64
		{F14BE5A6-4E1B-43AA-9FC6-8E2D9556A116}.Release|x86.ActiveCfg = Release|Win32
		{F14BE5A6-4E1B-43AA-9FC6-8E2D9556A116}.Release|x86.Build.0 = Release|Win32
		{6628C944-675D-444C-BA2D-7E6EC92B165A}.Debug|x64.ActiveCfg = Debug|x64
		{6628C944-675D-444C-BA2D-7E6EC92B165A}.Debug|x64.Build.0 = Debug|x64
		{6628C944-675D-444C-BA2D-7E6EC92B165A}.Debug|x86.ActiveCfg = Debug|Win32
		{6628C944-675D-444C-BA2D-7E6EC92B165A}.Debug|x86.Build.0 = Debug|Win32
		{6628C944-675D-444C-BA2D-7E6EC92B165A}.Release|x64.ActiveCfg = Release|x64
		{6628C944-675D-444C-BA2D-7E6EC92B165A}.Release|x64.Build.0 = Release|x64
		{6628C944-675D-444C-BA2D-7E6EC92B165A}.Release|x86.ActiveCfg = Release|Win32
		{6628C944-675D-444C-BA2D-7E6EC92B165A}.Release|x86.Build.0 = Release|Win32
		{85B4B640-DC8C-48C0-BF9B-4EBCC6E298F9}.Debug|x64.ActiveCfg = Debug|x64
		{85B4B640-DC8C-48C0-BF9B-4EBCC6E298F9}.Debug|x64.Build.0 = Debug|x64
		{85B4B640-DC8C-48C0-BF9B-4EBCC6E298F9}.Debug|x86.ActiveCfg = Debug|Win32
		{85B4B640-DC8C-48C0-BF9B-4EBCC6E298F9}.Debug|x86.Build.0 = Debug|Win32
		{85B4B640-DC8C-48C0-BF9B-4EBCC6E298F9}.Release|x64.ActiveCfg = Release|x64
		{85B4B640-DC8C-48C0-BF9B-4EBCC6E298F9}.Release|x64.Build.0 = Release|x64
		{85B4B640-DC8C-48C0-BF9B-4EBCC6E298F9}.Release|x86.ActiveCfg = Release|Win32
		{85B4B640-DC8C-48C0-BF9B-4EBCC6E298F9}.Release|x86.Build.0 = Release|Win32
		{54BEB0B8-4728-40C6-B9BF-46AFFCDBE980}.Debug|x64.ActiveCfg = Debug|x64
		{54BEB0B8-4728-40C6-B9BF-46AFFCDBE980}.Debug|x64.Build.0 = Debug|x64
		{54BEB0B8-4728-40C6-B9BF-46AFFCDBE980}.Debug|x86.ActiveCfg = Debug|Win32
		{54BEB0B8-4728-40C6-B9BF-46AFFCDBE980}.Debug|x86.Build.0 = Debug|Win32
		{54BEB0B8-4728-40C6-B9BF-46AFFCDBE980}.Release|x64.ActiveCfg = Release|x64
		{54BEB0B8-4728-40C6-B9BF-46AFFCDBE980}.Release|x64.Build.0 = Release|x64
		{54BEB0B8-4728-40C6-B9BF-46AFFCDBE980}.Release|x86.ActiveCfg = Release|Win32
		{54BEB0B8-4728-40C6-B9BF-46AFFCDBE980}.Release|x86.Build.0 = Release|Win32
	EndGlobalSection
	GlobalSection(SolutionProperties) = preSolution
		HideSolutionNode = FALSE
	EndGlobalSection
	GlobalSection(ExtensibilityGlobals) = postSolution
		SolutionGuid = {497E2B4D-8FD2-465E-A5F3-234E97718624}
	EndGlobalSection
EndGlobal
